// !$*UTF8*$!
{
	archiveVersion = 1;
	classes = {
	};
	objectVersion = 50;
	objects = {

/* Begin PBXBuildFile section */
		165A42BE2239ED8500868551 /* AppDelegate.swift in Sources */ = {isa = PBXBuildFile; fileRef = 165A42BD2239ED8500868551 /* AppDelegate.swift */; };
		165A42C02239ED8500868551 /* ViewController.swift in Sources */ = {isa = PBXBuildFile; fileRef = 165A42BF2239ED8500868551 /* ViewController.swift */; };
		165A42C32239ED8500868551 /* Main.storyboard in Resources */ = {isa = PBXBuildFile; fileRef = 165A42C12239ED8500868551 /* Main.storyboard */; };
		165A42C52239ED8700868551 /* Assets.xcassets in Resources */ = {isa = PBXBuildFile; fileRef = 165A42C42239ED8700868551 /* Assets.xcassets */; };
		165A42C82239ED8700868551 /* LaunchScreen.storyboard in Resources */ = {isa = PBXBuildFile; fileRef = 165A42C62239ED8700868551 /* LaunchScreen.storyboard */; };
		165A42D32239ED8700868551 /* Chapter06_HRTests.swift in Sources */ = {isa = PBXBuildFile; fileRef = 165A42D22239ED8700868551 /* Chapter06_HRTests.swift */; };
		165A42DF2239EDB600868551 /* libsqlite3.tbd in Frameworks */ = {isa = PBXBuildFile; fileRef = 165A42DE2239EDB600868551 /* libsqlite3.tbd */; };
		165A42ED2239EDDA00868551 /* FMDatabaseAdditions.m in Sources */ = {isa = PBXBuildFile; fileRef = 165A42E32239EDDA00868551 /* FMDatabaseAdditions.m */; };
		165A42EE2239EDDA00868551 /* FMDatabase.m in Sources */ = {isa = PBXBuildFile; fileRef = 165A42E42239EDDA00868551 /* FMDatabase.m */; };
		165A42EF2239EDDA00868551 /* FMDatabasePool.m in Sources */ = {isa = PBXBuildFile; fileRef = 165A42E52239EDDA00868551 /* FMDatabasePool.m */; };
		165A42F02239EDDA00868551 /* FMDatabaseQueue.m in Sources */ = {isa = PBXBuildFile; fileRef = 165A42E92239EDDA00868551 /* FMDatabaseQueue.m */; };
		165A42F12239EDDA00868551 /* FMResultSet.m in Sources */ = {isa = PBXBuildFile; fileRef = 165A42EB2239EDDA00868551 /* FMResultSet.m */; };
		165A42F4223A0C1C00868551 /* DepartmentTableViewController.swift in Sources */ = {isa = PBXBuildFile; fileRef = 165A42F3223A0C1C00868551 /* DepartmentTableViewController.swift */; };
		165A42F6223A0C3000868551 /* EmployeeTableViewController.swift in Sources */ = {isa = PBXBuildFile; fileRef = 165A42F5223A0C3000868551 /* EmployeeTableViewController.swift */; };
		165A42F8223A0D6C00868551 /* hr.sqlite in Resources */ = {isa = PBXBuildFile; fileRef = 165A42F7223A0D6C00868551 /* hr.sqlite */; };
		165A42FB223A0F3500868551 /* DepartmentDAO.swift in Sources */ = {isa = PBXBuildFile; fileRef = 165A42FA223A0F3500868551 /* DepartmentDAO.swift */; };
		165A42FD223A311400868551 /* EmployeeDAO.swift in Sources */ = {isa = PBXBuildFile; fileRef = 165A42FC223A311400868551 /* EmployeeDAO.swift */; };
		165A42FF223A369800868551 /* DAOBase.swift in Sources */ = {isa = PBXBuildFile; fileRef = 165A42FE223A369800868551 /* DAOBase.swift */; };
/* End PBXBuildFile section */

/* Begin PBXContainerItemProxy section */
		165A42CF2239ED8700868551 /* PBXContainerItemProxy */ = {
			isa = PBXContainerItemProxy;
			containerPortal = 165A42B22239ED8500868551 /* Project object */;
			proxyType = 1;
			remoteGlobalIDString = 165A42B92239ED8500868551;
			remoteInfo = "Chapter06-HR";
		};
/* End PBXContainerItemProxy section */

/* Begin PBXFileReference section */
		165A42BA2239ED8500868551 /* Chapter06-HR.app */ = {isa = PBXFileReference; explicitFileType = wrapper.application; includeInIndex = 0; path = "Chapter06-HR.app"; sourceTree = BUILT_PRODUCTS_DIR; };
		165A42BD2239ED8500868551 /* AppDelegate.swift */ = {isa = PBXFileReference; lastKnownFileType = sourcecode.swift; path = AppDelegate.swift; sourceTree = "<group>"; };
		165A42BF2239ED8500868551 /* ViewController.swift */ = {isa = PBXFileReference; lastKnownFileType = sourcecode.swift; path = ViewController.swift; sourceTree = "<group>"; };
		165A42C22239ED8500868551 /* Base */ = {isa = PBXFileReference; lastKnownFileType = file.storyboard; name = Base; path = Base.lproj/Main.storyboard; sourceTree = "<group>"; };
		165A42C42239ED8700868551 /* Assets.xcassets */ = {isa = PBXFileReference; lastKnownFileType = folder.assetcatalog; path = Assets.xcassets; sourceTree = "<group>"; };
		165A42C72239ED8700868551 /* Base */ = {isa = PBXFileReference; lastKnownFileType = file.storyboard; name = Base; path = Base.lproj/LaunchScreen.storyboard; sourceTree = "<group>"; };
		165A42C92239ED8700868551 /* Info.plist */ = {isa = PBXFileReference; lastKnownFileType = text.plist.xml; path = Info.plist; sourceTree = "<group>"; };
		165A42CE2239ED8700868551 /* Chapter06-HRTests.xctest */ = {isa = PBXFileReference; explicitFileType = wrapper.cfbundle; includeInIndex = 0; path = "Chapter06-HRTests.xctest"; sourceTree = BUILT_PRODUCTS_DIR; };
		165A42D22239ED8700868551 /* Chapter06_HRTests.swift */ = {isa = PBXFileReference; lastKnownFileType = sourcecode.swift; path = Chapter06_HRTests.swift; sourceTree = "<group>"; };
		165A42D42239ED8700868551 /* Info.plist */ = {isa = PBXFileReference; lastKnownFileType = text.plist.xml; path = Info.plist; sourceTree = "<group>"; };
		165A42DE2239EDB600868551 /* libsqlite3.tbd */ = {isa = PBXFileReference; lastKnownFileType = "sourcecode.text-based-dylib-definition"; name = libsqlite3.tbd; path = usr/lib/libsqlite3.tbd; sourceTree = SDKROOT; };
		165A42E12239EDD900868551 /* Chapter06-HR-Bridging-Header.h */ = {isa = PBXFileReference; lastKnownFileType = sourcecode.c.h; path = "Chapter06-HR-Bridging-Header.h"; sourceTree = "<group>"; };
		165A42E22239EDDA00868551 /* FMDatabaseQueue.h */ = {isa = PBXFileReference; fileEncoding = 4; lastKnownFileType = sourcecode.c.h; path = FMDatabaseQueue.h; sourceTree = "<group>"; };
		165A42E32239EDDA00868551 /* FMDatabaseAdditions.m */ = {isa = PBXFileReference; fileEncoding = 4; lastKnownFileType = sourcecode.c.objc; path = FMDatabaseAdditions.m; sourceTree = "<group>"; };
		165A42E42239EDDA00868551 /* FMDatabase.m */ = {isa = PBXFileReference; fileEncoding = 4; lastKnownFileType = sourcecode.c.objc; path = FMDatabase.m; sourceTree = "<group>"; };
		165A42E52239EDDA00868551 /* FMDatabasePool.m */ = {isa = PBXFileReference; fileEncoding = 4; lastKnownFileType = sourcecode.c.objc; path = FMDatabasePool.m; sourceTree = "<group>"; };
		165A42E62239EDDA00868551 /* FMDatabaseAdditions.h */ = {isa = PBXFileReference; fileEncoding = 4; lastKnownFileType = sourcecode.c.h; path = FMDatabaseAdditions.h; sourceTree = "<group>"; };
		165A42E72239EDDA00868551 /* FMDatabasePool.h */ = {isa = PBXFileReference; fileEncoding = 4; lastKnownFileType = sourcecode.c.h; path = FMDatabasePool.h; sourceTree = "<group>"; };
		165A42E82239EDDA00868551 /* FMDatabase.h */ = {isa = PBXFileReference; fileEncoding = 4; lastKnownFileType = sourcecode.c.h; path = FMDatabase.h; sourceTree = "<group>"; };
		165A42E92239EDDA00868551 /* FMDatabaseQueue.m */ = {isa = PBXFileReference; fileEncoding = 4; lastKnownFileType = sourcecode.c.objc; path = FMDatabaseQueue.m; sourceTree = "<group>"; };
		165A42EA2239EDDA00868551 /* FMDB.h */ = {isa = PBXFileReference; fileEncoding = 4; lastKnownFileType = sourcecode.c.h; path = FMDB.h; sourceTree = "<group>"; };
		165A42EB2239EDDA00868551 /* FMResultSet.m */ = {isa = PBXFileReference; fileEncoding = 4; lastKnownFileType = sourcecode.c.objc; path = FMResultSet.m; sourceTree = "<group>"; };
		165A42EC2239EDDA00868551 /* FMResultSet.h */ = {isa = PBXFileReference; fileEncoding = 4; lastKnownFileType = sourcecode.c.h; path = FMResultSet.h; sourceTree = "<group>"; };
		165A42F3223A0C1C00868551 /* DepartmentTableViewController.swift */ = {isa = PBXFileReference; lastKnownFileType = sourcecode.swift; path = DepartmentTableViewController.swift; sourceTree = "<group>"; };
		165A42F5223A0C3000868551 /* EmployeeTableViewController.swift */ = {isa = PBXFileReference; lastKnownFileType = sourcecode.swift; path = EmployeeTableViewController.swift; sourceTree = "<group>"; };
		165A42F7223A0D6C00868551 /* hr.sqlite */ = {isa = PBXFileReference; lastKnownFileType = file; path = hr.sqlite; sourceTree = "<group>"; };
		165A42FA223A0F3500868551 /* DepartmentDAO.swift */ = {isa = PBXFileReference; lastKnownFileType = sourcecode.swift; path = DepartmentDAO.swift; sourceTree = "<group>"; };
		165A42FC223A311400868551 /* EmployeeDAO.swift */ = {isa = PBXFileReference; lastKnownFileType = sourcecode.swift; path = EmployeeDAO.swift; sourceTree = "<group>"; };
		165A42FE223A369800868551 /* DAOBase.swift */ = {isa = PBXFileReference; lastKnownFileType = sourcecode.swift; path = DAOBase.swift; sourceTree = "<group>"; };
/* End PBXFileReference section */

/* Begin PBXFrameworksBuildPhase section */
		165A42B72239ED8500868551 /* Frameworks */ = {
			isa = PBXFrameworksBuildPhase;
			buildActionMask = 2147483647;
			files = (
				165A42DF2239EDB600868551 /* libsqlite3.tbd in Frameworks */,
			);
			runOnlyForDeploymentPostprocessing = 0;
		};
		165A42CB2239ED8700868551 /* Frameworks */ = {
			isa = PBXFrameworksBuildPhase;
			buildActionMask = 2147483647;
			files = (
			);
			runOnlyForDeploymentPostprocessing = 0;
		};
/* End PBXFrameworksBuildPhase section */

/* Begin PBXGroup section */
		165A42B12239ED8500868551 = {
			isa = PBXGroup;
			children = (
				165A42BC2239ED8500868551 /* Chapter06-HR */,
				165A42D12239ED8700868551 /* Chapter06-HRTests */,
				165A42BB2239ED8500868551 /* Products */,
				165A42DD2239EDB600868551 /* Frameworks */,
			);
			sourceTree = "<group>";
		};
		165A42BB2239ED8500868551 /* Products */ = {
			isa = PBXGroup;
			children = (
				165A42BA2239ED8500868551 /* Chapter06-HR.app */,
				165A42CE2239ED8700868551 /* Chapter06-HRTests.xctest */,
			);
			name = Products;
			sourceTree = "<group>";
		};
		165A42BC2239ED8500868551 /* Chapter06-HR */ = {
			isa = PBXGroup;
			children = (
				165A42F9223A0F1400868551 /* DAO */,
				165A42F2223A0C0200868551 /* ViewController */,
				165A42E02239EDC800868551 /* fmdb */,
				165A42BD2239ED8500868551 /* AppDelegate.swift */,
				165A42BF2239ED8500868551 /* ViewController.swift */,
				165A42C12239ED8500868551 /* Main.storyboard */,
				165A42C42239ED8700868551 /* Assets.xcassets */,
				165A42C62239ED8700868551 /* LaunchScreen.storyboard */,
				165A42C92239ED8700868551 /* Info.plist */,
				165A42E12239EDD900868551 /* Chapter06-HR-Bridging-Header.h */,
				165A42F7223A0D6C00868551 /* hr.sqlite */,
			);
			path = "Chapter06-HR";
			sourceTree = "<group>";
		};
		165A42D12239ED8700868551 /* Chapter06-HRTests */ = {
			isa = PBXGroup;
			children = (
				165A42D22239ED8700868551 /* Chapter06_HRTests.swift */,
				165A42D42239ED8700868551 /* Info.plist */,
			);
			path = "Chapter06-HRTests";
			sourceTree = "<group>";
		};
		165A42DD2239EDB600868551 /* Frameworks */ = {
			isa = PBXGroup;
			children = (
				165A42DE2239EDB600868551 /* libsqlite3.tbd */,
			);
			name = Frameworks;
			sourceTree = "<group>";
		};
		165A42E02239EDC800868551 /* fmdb */ = {
			isa = PBXGroup;
			children = (
				165A42E82239EDDA00868551 /* FMDatabase.h */,
				165A42E42239EDDA00868551 /* FMDatabase.m */,
				165A42E62239EDDA00868551 /* FMDatabaseAdditions.h */,
				165A42E32239EDDA00868551 /* FMDatabaseAdditions.m */,
				165A42E72239EDDA00868551 /* FMDatabasePool.h */,
				165A42E52239EDDA00868551 /* FMDatabasePool.m */,
				165A42E22239EDDA00868551 /* FMDatabaseQueue.h */,
				165A42E92239EDDA00868551 /* FMDatabaseQueue.m */,
				165A42EA2239EDDA00868551 /* FMDB.h */,
				165A42EC2239EDDA00868551 /* FMResultSet.h */,
				165A42EB2239EDDA00868551 /* FMResultSet.m */,
			);
			name = fmdb;
			sourceTree = "<group>";
		};
		165A42F2223A0C0200868551 /* ViewController */ = {
			isa = PBXGroup;
			children = (
				165A42F3223A0C1C00868551 /* DepartmentTableViewController.swift */,
				165A42F5223A0C3000868551 /* EmployeeTableViewController.swift */,
			);
			name = ViewController;
			sourceTree = "<group>";
		};
		165A42F9223A0F1400868551 /* DAO */ = {
			isa = PBXGroup;
			children = (
				165A42FE223A369800868551 /* DAOBase.swift */,
				165A42FA223A0F3500868551 /* DepartmentDAO.swift */,
				165A42FC223A311400868551 /* EmployeeDAO.swift */,
			);
			name = DAO;
			sourceTree = "<group>";
		};
/* End PBXGroup section */

/* Begin PBXNativeTarget section */
		165A42B92239ED8500868551 /* Chapter06-HR */ = {
			isa = PBXNativeTarget;
			buildConfigurationList = 165A42D72239ED8700868551 /* Build configuration list for PBXNativeTarget "Chapter06-HR" */;
			buildPhases = (
				165A42B62239ED8500868551 /* Sources */,
				165A42B72239ED8500868551 /* Frameworks */,
				165A42B82239ED8500868551 /* Resources */,
			);
			buildRules = (
			);
			dependencies = (
			);
			name = "Chapter06-HR";
			productName = "Chapter06-HR";
			productReference = 165A42BA2239ED8500868551 /* Chapter06-HR.app */;
			productType = "com.apple.product-type.application";
		};
		165A42CD2239ED8700868551 /* Chapter06-HRTests */ = {
			isa = PBXNativeTarget;
			buildConfigurationList = 165A42DA2239ED8700868551 /* Build configuration list for PBXNativeTarget "Chapter06-HRTests" */;
			buildPhases = (
				165A42CA2239ED8700868551 /* Sources */,
				165A42CB2239ED8700868551 /* Frameworks */,
				165A42CC2239ED8700868551 /* Resources */,
			);
			buildRules = (
			);
			dependencies = (
				165A42D02239ED8700868551 /* PBXTargetDependency */,
			);
			name = "Chapter06-HRTests";
			productName = "Chapter06-HRTests";
			productReference = 165A42CE2239ED8700868551 /* Chapter06-HRTests.xctest */;
			productType = "com.apple.product-type.bundle.unit-test";
		};
/* End PBXNativeTarget section */

/* Begin PBXProject section */
		165A42B22239ED8500868551 /* Project object */ = {
			isa = PBXProject;
			attributes = {
				LastSwiftUpdateCheck = 1010;
				LastUpgradeCheck = 1010;
				ORGANIZATIONNAME = gaeasoft;
				TargetAttributes = {
					165A42B92239ED8500868551 = {
						CreatedOnToolsVersion = 10.1;
						LastSwiftMigration = 1010;
						SystemCapabilities = {
							com.apple.SafariKeychain = {
								enabled = 0;
							};
						};
					};
					165A42CD2239ED8700868551 = {
						CreatedOnToolsVersion = 10.1;
						TestTargetID = 165A42B92239ED8500868551;
					};
				};
			};
			buildConfigurationList = 165A42B52239ED8500868551 /* Build configuration list for PBXProject "Chapter06-HR" */;
			compatibilityVersion = "Xcode 9.3";
			developmentRegion = en;
			hasScannedForEncodings = 0;
			knownRegions = (
				en,
				Base,
			);
			mainGroup = 165A42B12239ED8500868551;
			productRefGroup = 165A42BB2239ED8500868551 /* Products */;
			projectDirPath = "";
			projectRoot = "";
			targets = (
				165A42B92239ED8500868551 /* Chapter06-HR */,
				165A42CD2239ED8700868551 /* Chapter06-HRTests */,
			);
		};
/* End PBXProject section */

/* Begin PBXResourcesBuildPhase section */
		165A42B82239ED8500868551 /* Resources */ = {
			isa = PBXResourcesBuildPhase;
			buildActionMask = 2147483647;
			files = (
				165A42C82239ED8700868551 /* LaunchScreen.storyboard in Resources */,
				165A42C52239ED8700868551 /* Assets.xcassets in Resources */,
				165A42C32239ED8500868551 /* Main.storyboard in Resources */,
				165A42F8223A0D6C00868551 /* hr.sqlite in Resources */,
			);
			runOnlyForDeploymentPostprocessing = 0;
		};
		165A42CC2239ED8700868551 /* Resources */ = {
			isa = PBXResourcesBuildPhase;
			buildActionMask = 2147483647;
			files = (
			);
			runOnlyForDeploymentPostprocessing = 0;
		};
/* End PBXResourcesBuildPhase section */

/* Begin PBXSourcesBuildPhase section */
		165A42B62239ED8500868551 /* Sources */ = {
			isa = PBXSourcesBuildPhase;
			buildActionMask = 2147483647;
			files = (
				165A42C02239ED8500868551 /* ViewController.swift in Sources */,
				165A42F4223A0C1C00868551 /* DepartmentTableViewController.swift in Sources */,
				165A42FB223A0F3500868551 /* DepartmentDAO.swift in Sources */,
				165A42FF223A369800868551 /* DAOBase.swift in Sources */,
				165A42FD223A311400868551 /* EmployeeDAO.swift in Sources */,
				165A42BE2239ED8500868551 /* AppDelegate.swift in Sources */,
				165A42F12239EDDA00868551 /* FMResultSet.m in Sources */,
				165A42EF2239EDDA00868551 /* FMDatabasePool.m in Sources */,
				165A42ED2239EDDA00868551 /* FMDatabaseAdditions.m in Sources */,
				165A42EE2239EDDA00868551 /* FMDatabase.m in Sources */,
				165A42F6223A0C3000868551 /* EmployeeTableViewController.swift in Sources */,
				165A42F02239EDDA00868551 /* FMDatabaseQueue.m in Sources */,
			);
			runOnlyForDeploymentPostprocessing = 0;
		};
		165A42CA2239ED8700868551 /* Sources */ = {
			isa = PBXSourcesBuildPhase;
			buildActionMask = 2147483647;
			files = (
				165A42D32239ED8700868551 /* Chapter06_HRTests.swift in Sources */,
			);
			runOnlyForDeploymentPostprocessing = 0;
		};
/* End PBXSourcesBuildPhase section */

/* Begin PBXTargetDependency section */
		165A42D02239ED8700868551 /* PBXTargetDependency */ = {
			isa = PBXTargetDependency;
			target = 165A42B92239ED8500868551 /* Chapter06-HR */;
			targetProxy = 165A42CF2239ED8700868551 /* PBXContainerItemProxy */;
		};
/* End PBXTargetDependency section */

/* Begin PBXVariantGroup section */
		165A42C12239ED8500868551 /* Main.storyboard */ = {
			isa = PBXVariantGroup;
			children = (
				165A42C22239ED8500868551 /* Base */,
			);
			name = Main.storyboard;
			sourceTree = "<group>";
		};
		165A42C62239ED8700868551 /* LaunchScreen.storyboard */ = {
			isa = PBXVariantGroup;
			children = (
				165A42C72239ED8700868551 /* Base */,
			);
			name = LaunchScreen.storyboard;
			sourceTree = "<group>";
		};
/* End PBXVariantGroup section */

/* Begin XCBuildConfiguration section */
		165A42D52239ED8700868551 /* Debug */ = {
			isa = XCBuildConfiguration;
			buildSettings = {
				ALWAYS_SEARCH_USER_PATHS = NO;
				CLANG_ANALYZER_NONNULL = YES;
				CLANG_ANALYZER_NUMBER_OBJECT_CONVERSION = YES_AGGRESSIVE;
				CLANG_CXX_LANGUAGE_STANDARD = "gnu++14";
				CLANG_CXX_LIBRARY = "libc++";
				CLANG_ENABLE_MODULES = YES;
				CLANG_ENABLE_OBJC_ARC = YES;
				CLANG_ENABLE_OBJC_WEAK = YES;
				CLANG_WARN_BLOCK_CAPTURE_AUTORELEASING = YES;
				CLANG_WARN_BOOL_CONVERSION = YES;
				CLANG_WARN_COMMA = YES;
				CLANG_WARN_CONSTANT_CONVERSION = YES;
				CLANG_WARN_DEPRECATED_OBJC_IMPLEMENTATIONS = YES;
				CLANG_WARN_DIRECT_OBJC_ISA_USAGE = YES_ERROR;
				CLANG_WARN_DOCUMENTATION_COMMENTS = YES;
				CLANG_WARN_EMPTY_BODY = YES;
				CLANG_WARN_ENUM_CONVERSION = YES;
				CLANG_WARN_INFINITE_RECURSION = YES;
				CLANG_WARN_INT_CONVERSION = YES;
				CLANG_WARN_NON_LITERAL_NULL_CONVERSION = YES;
				CLANG_WARN_OBJC_IMPLICIT_RETAIN_SELF = YES;
				CLANG_WARN_OBJC_LITERAL_CONVERSION = YES;
				CLANG_WARN_OBJC_ROOT_CLASS = YES_ERROR;
				CLANG_WARN_RANGE_LOOP_ANALYSIS = YES;
				CLANG_WARN_STRICT_PROTOTYPES = YES;
				CLANG_WARN_SUSPICIOUS_MOVE = YES;
				CLANG_WARN_UNGUARDED_AVAILABILITY = YES_AGGRESSIVE;
				CLANG_WARN_UNREACHABLE_CODE = YES;
				CLANG_WARN__DUPLICATE_METHOD_MATCH = YES;
				CODE_SIGN_IDENTITY = "iPhone Developer";
				COPY_PHASE_STRIP = NO;
				DEBUG_INFORMATION_FORMAT = dwarf;
				ENABLE_STRICT_OBJC_MSGSEND = YES;
				ENABLE_TESTABILITY = YES;
				GCC_C_LANGUAGE_STANDARD = gnu11;
				GCC_DYNAMIC_NO_PIC = NO;
				GCC_NO_COMMON_BLOCKS = YES;
				GCC_OPTIMIZATION_LEVEL = 0;
				GCC_PREPROCESSOR_DEFINITIONS = (
					"DEBUG=1",
					"$(inherited)",
				);
				GCC_WARN_64_TO_32_BIT_CONVERSION = YES;
				GCC_WARN_ABOUT_RETURN_TYPE = YES_ERROR;
				GCC_WARN_UNDECLARED_SELECTOR = YES;
				GCC_WARN_UNINITIALIZED_AUTOS = YES_AGGRESSIVE;
				GCC_WARN_UNUSED_FUNCTION = YES;
				GCC_WARN_UNUSED_VARIABLE = YES;
				IPHONEOS_DEPLOYMENT_TARGET = 12.1;
				MTL_ENABLE_DEBUG_INFO = INCLUDE_SOURCE;
				MTL_FAST_MATH = YES;
				ONLY_ACTIVE_ARCH = YES;
				SDKROOT = iphoneos;
				SWIFT_ACTIVE_COMPILATION_CONDITIONS = DEBUG;
				SWIFT_OPTIMIZATION_LEVEL = "-Onone";
			};
			name = Debug;
		};
		165A42D62239ED8700868551 /* Release */ = {
			isa = XCBuildConfiguration;
			buildSettings = {
				ALWAYS_SEARCH_USER_PATHS = NO;
				CLANG_ANALYZER_NONNULL = YES;
				CLANG_ANALYZER_NUMBER_OBJECT_CONVERSION = YES_AGGRESSIVE;
				CLANG_CXX_LANGUAGE_STANDARD = "gnu++14";
				CLANG_CXX_LIBRARY = "libc++";
				CLANG_ENABLE_MODULES = YES;
				CLANG_ENABLE_OBJC_ARC = YES;
				CLANG_ENABLE_OBJC_WEAK = YES;
				CLANG_WARN_BLOCK_CAPTURE_AUTORELEASING = YES;
				CLANG_WARN_BOOL_CONVERSION = YES;
				CLANG_WARN_COMMA = YES;
				CLANG_WARN_CONSTANT_CONVERSION = YES;
				CLANG_WARN_DEPRECATED_OBJC_IMPLEMENTATIONS = YES;
				CLANG_WARN_DIRECT_OBJC_ISA_USAGE = YES_ERROR;
				CLANG_WARN_DOCUMENTATION_COMMENTS = YES;
				CLANG_WARN_EMPTY_BODY = YES;
				CLANG_WARN_ENUM_CONVERSION = YES;
				CLANG_WARN_INFINITE_RECURSION = YES;
				CLANG_WARN_INT_CONVERSION = YES;
				CLANG_WARN_NON_LITERAL_NULL_CONVERSION = YES;
				CLANG_WARN_OBJC_IMPLICIT_RETAIN_SELF = YES;
				CLANG_WARN_OBJC_LITERAL_CONVERSION = YES;
				CLANG_WARN_OBJC_ROOT_CLASS = YES_ERROR;
				CLANG_WARN_RANGE_LOOP_ANALYSIS = YES;
				CLANG_WARN_STRICT_PROTOTYPES = YES;
				CLANG_WARN_SUSPICIOUS_MOVE = YES;
				CLANG_WARN_UNGUARDED_AVAILABILITY = YES_AGGRESSIVE;
				CLANG_WARN_UNREACHABLE_CODE = YES;
				CLANG_WARN__DUPLICATE_METHOD_MATCH = YES;
				CODE_SIGN_IDENTITY = "iPhone Developer";
				COPY_PHASE_STRIP = NO;
				DEBUG_INFORMATION_FORMAT = "dwarf-with-dsym";
				ENABLE_NS_ASSERTIONS = NO;
				ENABLE_STRICT_OBJC_MSGSEND = YES;
				GCC_C_LANGUAGE_STANDARD = gnu11;
				GCC_NO_COMMON_BLOCKS = YES;
				GCC_WARN_64_TO_32_BIT_CONVERSION = YES;
				GCC_WARN_ABOUT_RETURN_TYPE = YES_ERROR;
				GCC_WARN_UNDECLARED_SELECTOR = YES;
				GCC_WARN_UNINITIALIZED_AUTOS = YES_AGGRESSIVE;
				GCC_WARN_UNUSED_FUNCTION = YES;
				GCC_WARN_UNUSED_VARIABLE = YES;
				IPHONEOS_DEPLOYMENT_TARGET = 12.1;
				MTL_ENABLE_DEBUG_INFO = NO;
				MTL_FAST_MATH = YES;
				SDKROOT = iphoneos;
				SWIFT_COMPILATION_MODE = wholemodule;
				SWIFT_OPTIMIZATION_LEVEL = "-O";
				VALIDATE_PRODUCT = YES;
			};
			name = Release;
		};
		165A42D82239ED8700868551 /* Debug */ = {
			isa = XCBuildConfiguration;
			buildSettings = {
				ASSETCATALOG_COMPILER_APPICON_NAME = AppIcon;
				CLANG_ENABLE_MODULES = YES;
				CODE_SIGN_STYLE = Automatic;
				DEVELOPMENT_TEAM = 299TQXJ7S5;
				INFOPLIST_FILE = "Chapter06-HR/Info.plist";
				LD_RUNPATH_SEARCH_PATHS = (
					"$(inherited)",
					"@executable_path/Frameworks",
				);
				PRODUCT_BUNDLE_IDENTIFIER = "com.gaeasoft.-mapIteratorDaum.Chapter06-HR";
				PRODUCT_NAME = "$(TARGET_NAME)";
				SWIFT_OBJC_BRIDGING_HEADER = "Chapter06-HR/Chapter06-HR-Bridging-Header.h";
				SWIFT_OPTIMIZATION_LEVEL = "-Onone";
				SWIFT_VERSION = 4.2;
				TARGETED_DEVICE_FAMILY = "1,2";
			};
			name = Debug;
		};
		165A42D92239ED8700868551 /* Release */ = {
			isa = XCBuildConfiguration;
			buildSettings = {
				ASSETCATALOG_COMPILER_APPICON_NAME = AppIcon;
				CLANG_ENABLE_MODULES = YES;
				CODE_SIGN_STYLE = Automatic;
				DEVELOPMENT_TEAM = 299TQXJ7S5;
				INFOPLIST_FILE = "Chapter06-HR/Info.plist";
				LD_RUNPATH_SEARCH_PATHS = (
					"$(inherited)",
					"@executable_path/Frameworks",
				);
				PRODUCT_BUNDLE_IDENTIFIER = "com.gaeasoft.-mapIteratorDaum.Chapter06-HR";
				PRODUCT_NAME = "$(TARGET_NAME)";
				SWIFT_OBJC_BRIDGING_HEADER = "Chapter06-HR/Chapter06-HR-Bridging-Header.h";
				SWIFT_VERSION = 4.2;
				TARGETED_DEVICE_FAMILY = "1,2";
			};
			name = Release;
		};
		165A42DB2239ED8700868551 /* Debug */ = {
			isa = XCBuildConfiguration;
			buildSettings = {
				ALWAYS_EMBED_SWIFT_STANDARD_LIBRARIES = YES;
				BUNDLE_LOADER = "$(TEST_HOST)";
				CODE_SIGN_STYLE = Automatic;
				DEVELOPMENT_TEAM = 299TQXJ7S5;
				INFOPLIST_FILE = "Chapter06-HRTests/Info.plist";
				LD_RUNPATH_SEARCH_PATHS = (
					"$(inherited)",
					"@executable_path/Frameworks",
					"@loader_path/Frameworks",
				);
				PRODUCT_BUNDLE_IDENTIFIER = "com.gaeasoft.-mapIteratorDaum.Chapter06-HRTests";
				PRODUCT_NAME = "$(TARGET_NAME)";
				SWIFT_VERSION = 4.2;
				TARGETED_DEVICE_FAMILY = "1,2";
				TEST_HOST = "$(BUILT_PRODUCTS_DIR)/Chapter06-HR.app/Chapter06-HR";
			};
			name = Debug;
		};
		165A42DC2239ED8700868551 /* Release */ = {
			isa = XCBuildConfiguration;
			buildSettings = {
				ALWAYS_EMBED_SWIFT_STANDARD_LIBRARIES = YES;
				BUNDLE_LOADER = "$(TEST_HOST)";
				CODE_SIGN_STYLE = Automatic;
				DEVELOPMENT_TEAM = 299TQXJ7S5;
				INFOPLIST_FILE = "Chapter06-HRTests/Info.plist";
				LD_RUNPATH_SEARCH_PATHS = (
					"$(inherited)",
					"@executable_path/Frameworks",
					"@loader_path/Frameworks",
				);
				PRODUCT_BUNDLE_IDENTIFIER = "com.gaeasoft.-mapIteratorDaum.Chapter06-HRTests";
				PRODUCT_NAME = "$(TARGET_NAME)";
				SWIFT_VERSION = 4.2;
				TARGETED_DEVICE_FAMILY = "1,2";
				TEST_HOST = "$(BUILT_PRODUCTS_DIR)/Chapter06-HR.app/Chapter06-HR";
			};
			name = Release;
		};
/* End XCBuildConfiguration section */

/* Begin XCConfigurationList section */
		165A42B52239ED8500868551 /* Build configuration list for PBXProject "Chapter06-HR" */ = {
			isa = XCConfigurationList;
			buildConfigurations = (
				165A42D52239ED8700868551 /* Debug */,
				165A42D62239ED8700868551 /* Release */,
			);
			defaultConfigurationIsVisible = 0;
			defaultConfigurationName = Release;
		};
		165A42D72239ED8700868551 /* Build configuration list for PBXNativeTarget "Chapter06-HR" */ = {
			isa = XCConfigurationList;
			buildConfigurations = (
				165A42D82239ED8700868551 /* Debug */,
				165A42D92239ED8700868551 /* Release */,
			);
			defaultConfigurationIsVisible = 0;
			defaultConfigurationName = Release;
		};
		165A42DA2239ED8700868551 /* Build configuration list for PBXNativeTarget "Chapter06-HRTests" */ = {
			isa = XCConfigurationList;
			buildConfigurations = (
				165A42DB2239ED8700868551 /* Debug */,
				165A42DC2239ED8700868551 /* Release */,
			);
			defaultConfigurationIsVisible = 0;
			defaultConfigurationName = Release;
		};
/* End XCConfigurationList section */
	};
	rootObject = 165A42B22239ED8500868551 /* Project object */;
}
