// !$*UTF8*$!
{
	archiveVersion = 1;
	classes = {
	};
	objectVersion = 50;
	objects = {

/* Begin PBXBuildFile section */
		16C876DD21CB864500A31C49 /* AppDelegate.swift in Sources */ = {isa = PBXBuildFile; fileRef = 16C876DC21CB864500A31C49 /* AppDelegate.swift */; };
		16C876DF21CB864500A31C49 /* ViewController.swift in Sources */ = {isa = PBXBuildFile; fileRef = 16C876DE21CB864500A31C49 /* ViewController.swift */; };
		16C876E221CB864500A31C49 /* Main.storyboard in Resources */ = {isa = PBXBuildFile; fileRef = 16C876E021CB864500A31C49 /* Main.storyboard */; };
		16C876E521CB864500A31C49 /* Chapter03TabBar.xcdatamodeld in Sources */ = {isa = PBXBuildFile; fileRef = 16C876E321CB864500A31C49 /* Chapter03TabBar.xcdatamodeld */; };
		16C876E721CB864600A31C49 /* Assets.xcassets in Resources */ = {isa = PBXBuildFile; fileRef = 16C876E621CB864600A31C49 /* Assets.xcassets */; };
		16C876EA21CB864600A31C49 /* LaunchScreen.storyboard in Resources */ = {isa = PBXBuildFile; fileRef = 16C876E821CB864600A31C49 /* LaunchScreen.storyboard */; };
		16C876F521CB864600A31C49 /* Chapter03TabBarTests.swift in Sources */ = {isa = PBXBuildFile; fileRef = 16C876F421CB864600A31C49 /* Chapter03TabBarTests.swift */; };
/* End PBXBuildFile section */

/* Begin PBXContainerItemProxy section */
		16C876F121CB864600A31C49 /* PBXContainerItemProxy */ = {
			isa = PBXContainerItemProxy;
			containerPortal = 16C876D121CB864500A31C49 /* Project object */;
			proxyType = 1;
			remoteGlobalIDString = 16C876D821CB864500A31C49;
			remoteInfo = Chapter03TabBar;
		};
/* End PBXContainerItemProxy section */

/* Begin PBXFileReference section */
		16C876D921CB864500A31C49 /* Chapter03TabBar.app */ = {isa = PBXFileReference; explicitFileType = wrapper.application; includeInIndex = 0; path = Chapter03TabBar.app; sourceTree = BUILT_PRODUCTS_DIR; };
		16C876DC21CB864500A31C49 /* AppDelegate.swift */ = {isa = PBXFileReference; lastKnownFileType = sourcecode.swift; path = AppDelegate.swift; sourceTree = "<group>"; };
		16C876DE21CB864500A31C49 /* ViewController.swift */ = {isa = PBXFileReference; lastKnownFileType = sourcecode.swift; path = ViewController.swift; sourceTree = "<group>"; };
		16C876E121CB864500A31C49 /* Base */ = {isa = PBXFileReference; lastKnownFileType = file.storyboard; name = Base; path = Base.lproj/Main.storyboard; sourceTree = "<group>"; };
		16C876E421CB864500A31C49 /* Chapter03TabBar.xcdatamodel */ = {isa = PBXFileReference; lastKnownFileType = wrapper.xcdatamodel; path = Chapter03TabBar.xcdatamodel; sourceTree = "<group>"; };
		16C876E621CB864600A31C49 /* Assets.xcassets */ = {isa = PBXFileReference; lastKnownFileType = folder.assetcatalog; path = Assets.xcassets; sourceTree = "<group>"; };
		16C876E921CB864600A31C49 /* Base */ = {isa = PBXFileReference; lastKnownFileType = file.storyboard; name = Base; path = Base.lproj/LaunchScreen.storyboard; sourceTree = "<group>"; };
		16C876EB21CB864600A31C49 /* Info.plist */ = {isa = PBXFileReference; lastKnownFileType = text.plist.xml; path = Info.plist; sourceTree = "<group>"; };
		16C876F021CB864600A31C49 /* Chapter03TabBarTests.xctest */ = {isa = PBXFileReference; explicitFileType = wrapper.cfbundle; includeInIndex = 0; path = Chapter03TabBarTests.xctest; sourceTree = BUILT_PRODUCTS_DIR; };
		16C876F421CB864600A31C49 /* Chapter03TabBarTests.swift */ = {isa = PBXFileReference; lastKnownFileType = sourcecode.swift; path = Chapter03TabBarTests.swift; sourceTree = "<group>"; };
		16C876F621CB864600A31C49 /* Info.plist */ = {isa = PBXFileReference; lastKnownFileType = text.plist.xml; path = Info.plist; sourceTree = "<group>"; };
/* End PBXFileReference section */

/* Begin PBXFrameworksBuildPhase section */
		16C876D621CB864500A31C49 /* Frameworks */ = {
			isa = PBXFrameworksBuildPhase;
			buildActionMask = 2147483647;
			files = (
			);
			runOnlyForDeploymentPostprocessing = 0;
		};
		16C876ED21CB864600A31C49 /* Frameworks */ = {
			isa = PBXFrameworksBuildPhase;
			buildActionMask = 2147483647;
			files = (
			);
			runOnlyForDeploymentPostprocessing = 0;
		};
/* End PBXFrameworksBuildPhase section */

/* Begin PBXGroup section */
		16C876D021CB864500A31C49 = {
			isa = PBXGroup;
			children = (
				16C876DB21CB864500A31C49 /* Chapter03TabBar */,
				16C876F321CB864600A31C49 /* Chapter03TabBarTests */,
				16C876DA21CB864500A31C49 /* Products */,
			);
			sourceTree = "<group>";
		};
		16C876DA21CB864500A31C49 /* Products */ = {
			isa = PBXGroup;
			children = (
				16C876D921CB864500A31C49 /* Chapter03TabBar.app */,
				16C876F021CB864600A31C49 /* Chapter03TabBarTests.xctest */,
			);
			name = Products;
			sourceTree = "<group>";
		};
		16C876DB21CB864500A31C49 /* Chapter03TabBar */ = {
			isa = PBXGroup;
			children = (
				16C876DC21CB864500A31C49 /* AppDelegate.swift */,
				16C876DE21CB864500A31C49 /* ViewController.swift */,
				16C876E021CB864500A31C49 /* Main.storyboard */,
				16C876E621CB864600A31C49 /* Assets.xcassets */,
				16C876E821CB864600A31C49 /* LaunchScreen.storyboard */,
				16C876EB21CB864600A31C49 /* Info.plist */,
				16C876E321CB864500A31C49 /* Chapter03TabBar.xcdatamodeld */,
			);
			path = Chapter03TabBar;
			sourceTree = "<group>";
		};
		16C876F321CB864600A31C49 /* Chapter03TabBarTests */ = {
			isa = PBXGroup;
			children = (
				16C876F421CB864600A31C49 /* Chapter03TabBarTests.swift */,
				16C876F621CB864600A31C49 /* Info.plist */,
			);
			path = Chapter03TabBarTests;
			sourceTree = "<group>";
		};
/* End PBXGroup section */

/* Begin PBXNativeTarget section */
		16C876D821CB864500A31C49 /* Chapter03TabBar */ = {
			isa = PBXNativeTarget;
			buildConfigurationList = 16C876F921CB864600A31C49 /* Build configuration list for PBXNativeTarget "Chapter03TabBar" */;
			buildPhases = (
				16C876D521CB864500A31C49 /* Sources */,
				16C876D621CB864500A31C49 /* Frameworks */,
				16C876D721CB864500A31C49 /* Resources */,
			);
			buildRules = (
			);
			dependencies = (
			);
			name = Chapter03TabBar;
			productName = Chapter03TabBar;
			productReference = 16C876D921CB864500A31C49 /* Chapter03TabBar.app */;
			productType = "com.apple.product-type.application";
		};
		16C876EF21CB864600A31C49 /* Chapter03TabBarTests */ = {
			isa = PBXNativeTarget;
			buildConfigurationList = 16C876FC21CB864600A31C49 /* Build configuration list for PBXNativeTarget "Chapter03TabBarTests" */;
			buildPhases = (
				16C876EC21CB864600A31C49 /* Sources */,
				16C876ED21CB864600A31C49 /* Frameworks */,
				16C876EE21CB864600A31C49 /* Resources */,
			);
			buildRules = (
			);
			dependencies = (
				16C876F221CB864600A31C49 /* PBXTargetDependency */,
			);
			name = Chapter03TabBarTests;
			productName = Chapter03TabBarTests;
			productReference = 16C876F021CB864600A31C49 /* Chapter03TabBarTests.xctest */;
			productType = "com.apple.product-type.bundle.unit-test";
		};
/* End PBXNativeTarget section */

/* Begin PBXProject section */
		16C876D121CB864500A31C49 /* Project object */ = {
			isa = PBXProject;
			attributes = {
				LastSwiftUpdateCheck = 1010;
				LastUpgradeCheck = 1010;
				ORGANIZATIONNAME = gaeasoft;
				TargetAttributes = {
					16C876D821CB864500A31C49 = {
						CreatedOnToolsVersion = 10.1;
					};
					16C876EF21CB864600A31C49 = {
						CreatedOnToolsVersion = 10.1;
						TestTargetID = 16C876D821CB864500A31C49;
					};
				};
			};
			buildConfigurationList = 16C876D421CB864500A31C49 /* Build configuration list for PBXProject "Chapter03TabBar" */;
			compatibilityVersion = "Xcode 9.3";
			developmentRegion = en;
			hasScannedForEncodings = 0;
			knownRegions = (
				en,
				Base,
			);
			mainGroup = 16C876D021CB864500A31C49;
			productRefGroup = 16C876DA21CB864500A31C49 /* Products */;
			projectDirPath = "";
			projectRoot = "";
			targets = (
				16C876D821CB864500A31C49 /* Chapter03TabBar */,
				16C876EF21CB864600A31C49 /* Chapter03TabBarTests */,
			);
		};
/* End PBXProject section */

/* Begin PBXResourcesBuildPhase section */
		16C876D721CB864500A31C49 /* Resources */ = {
			isa = PBXResourcesBuildPhase;
			buildActionMask = 2147483647;
			files = (
				16C876EA21CB864600A31C49 /* LaunchScreen.storyboard in Resources */,
				16C876E721CB864600A31C49 /* Assets.xcassets in Resources */,
				16C876E221CB864500A31C49 /* Main.storyboard in Resources */,
			);
			runOnlyForDeploymentPostprocessing = 0;
		};
		16C876EE21CB864600A31C49 /* Resources */ = {
			isa = PBXResourcesBuildPhase;
			buildActionMask = 2147483647;
			files = (
			);
			runOnlyForDeploymentPostprocessing = 0;
		};
/* End PBXResourcesBuildPhase section */

/* Begin PBXSourcesBuildPhase section */
		16C876D521CB864500A31C49 /* Sources */ = {
			isa = PBXSourcesBuildPhase;
			buildActionMask = 2147483647;
			files = (
				16C876DF21CB864500A31C49 /* ViewController.swift in Sources */,
				16C876DD21CB864500A31C49 /* AppDelegate.swift in Sources */,
				16C876E521CB864500A31C49 /* Chapter03TabBar.xcdatamodeld in Sources */,
			);
			runOnlyForDeploymentPostprocessing = 0;
		};
		16C876EC21CB864600A31C49 /* Sources */ = {
			isa = PBXSourcesBuildPhase;
			buildActionMask = 2147483647;
			files = (
				16C876F521CB864600A31C49 /* Chapter03TabBarTests.swift in Sources */,
			);
			runOnlyForDeploymentPostprocessing = 0;
		};
/* End PBXSourcesBuildPhase section */

/* Begin PBXTargetDependency section */
		16C876F221CB864600A31C49 /* PBXTargetDependency */ = {
			isa = PBXTargetDependency;
			target = 16C876D821CB864500A31C49 /* Chapter03TabBar */;
			targetProxy = 16C876F121CB864600A31C49 /* PBXContainerItemProxy */;
		};
/* End PBXTargetDependency section */

/* Begin PBXVariantGroup section */
		16C876E021CB864500A31C49 /* Main.storyboard */ = {
			isa = PBXVariantGroup;
			children = (
				16C876E121CB864500A31C49 /* Base */,
			);
			name = Main.storyboard;
			sourceTree = "<group>";
		};
		16C876E821CB864600A31C49 /* LaunchScreen.storyboard */ = {
			isa = PBXVariantGroup;
			children = (
				16C876E921CB864600A31C49 /* Base */,
			);
			name = LaunchScreen.storyboard;
			sourceTree = "<group>";
		};
/* End PBXVariantGroup section */

/* Begin XCBuildConfiguration section */
		16C876F721CB864600A31C49 /* Debug */ = {
			isa = XCBuildConfiguration;
			buildSettings = {
				ALWAYS_SEARCH_USER_PATHS = NO;
				CLANG_ANALYZER_NONNULL = YES;
				CLANG_ANALYZER_NUMBER_OBJECT_CONVERSION = YES_AGGRESSIVE;
				CLANG_CXX_LANGUAGE_STANDARD = "gnu++14";
				CLANG_CXX_LIBRARY = "libc++";
				CLANG_ENABLE_MODULES = YES;
				CLANG_ENABLE_OBJC_ARC = YES;
				CLANG_ENABLE_OBJC_WEAK = YES;
				CLANG_WARN_BLOCK_CAPTURE_AUTORELEASING = YES;
				CLANG_WARN_BOOL_CONVERSION = YES;
				CLANG_WARN_COMMA = YES;
				CLANG_WARN_CONSTANT_CONVERSION = YES;
				CLANG_WARN_DEPRECATED_OBJC_IMPLEMENTATIONS = YES;
				CLANG_WARN_DIRECT_OBJC_ISA_USAGE = YES_ERROR;
				CLANG_WARN_DOCUMENTATION_COMMENTS = YES;
				CLANG_WARN_EMPTY_BODY = YES;
				CLANG_WARN_ENUM_CONVERSION = YES;
				CLANG_WARN_INFINITE_RECURSION = YES;
				CLANG_WARN_INT_CONVERSION = YES;
				CLANG_WARN_NON_LITERAL_NULL_CONVERSION = YES;
				CLANG_WARN_OBJC_IMPLICIT_RETAIN_SELF = YES;
				CLANG_WARN_OBJC_LITERAL_CONVERSION = YES;
				CLANG_WARN_OBJC_ROOT_CLASS = YES_ERROR;
				CLANG_WARN_RANGE_LOOP_ANALYSIS = YES;
				CLANG_WARN_STRICT_PROTOTYPES = YES;
				CLANG_WARN_SUSPICIOUS_MOVE = YES;
				CLANG_WARN_UNGUARDED_AVAILABILITY = YES_AGGRESSIVE;
				CLANG_WARN_UNREACHABLE_CODE = YES;
				CLANG_WARN__DUPLICATE_METHOD_MATCH = YES;
				CODE_SIGN_IDENTITY = "iPhone Developer";
				COPY_PHASE_STRIP = NO;
				DEBUG_INFORMATION_FORMAT = dwarf;
				ENABLE_STRICT_OBJC_MSGSEND = YES;
				ENABLE_TESTABILITY = YES;
				GCC_C_LANGUAGE_STANDARD = gnu11;
				GCC_DYNAMIC_NO_PIC = NO;
				GCC_NO_COMMON_BLOCKS = YES;
				GCC_OPTIMIZATION_LEVEL = 0;
				GCC_PREPROCESSOR_DEFINITIONS = (
					"DEBUG=1",
					"$(inherited)",
				);
				GCC_WARN_64_TO_32_BIT_CONVERSION = YES;
				GCC_WARN_ABOUT_RETURN_TYPE = YES_ERROR;
				GCC_WARN_UNDECLARED_SELECTOR = YES;
				GCC_WARN_UNINITIALIZED_AUTOS = YES_AGGRESSIVE;
				GCC_WARN_UNUSED_FUNCTION = YES;
				GCC_WARN_UNUSED_VARIABLE = YES;
				IPHONEOS_DEPLOYMENT_TARGET = 12.1;
				MTL_ENABLE_DEBUG_INFO = INCLUDE_SOURCE;
				MTL_FAST_MATH = YES;
				ONLY_ACTIVE_ARCH = YES;
				SDKROOT = iphoneos;
				SWIFT_ACTIVE_COMPILATION_CONDITIONS = DEBUG;
				SWIFT_OPTIMIZATION_LEVEL = "-Onone";
			};
			name = Debug;
		};
		16C876F821CB864600A31C49 /* Release */ = {
			isa = XCBuildConfiguration;
			buildSettings = {
				ALWAYS_SEARCH_USER_PATHS = NO;
				CLANG_ANALYZER_NONNULL = YES;
				CLANG_ANALYZER_NUMBER_OBJECT_CONVERSION = YES_AGGRESSIVE;
				CLANG_CXX_LANGUAGE_STANDARD = "gnu++14";
				CLANG_CXX_LIBRARY = "libc++";
				CLANG_ENABLE_MODULES = YES;
				CLANG_ENABLE_OBJC_ARC = YES;
				CLANG_ENABLE_OBJC_WEAK = YES;
				CLANG_WARN_BLOCK_CAPTURE_AUTORELEASING = YES;
				CLANG_WARN_BOOL_CONVERSION = YES;
				CLANG_WARN_COMMA = YES;
				CLANG_WARN_CONSTANT_CONVERSION = YES;
				CLANG_WARN_DEPRECATED_OBJC_IMPLEMENTATIONS = YES;
				CLANG_WARN_DIRECT_OBJC_ISA_USAGE = YES_ERROR;
				CLANG_WARN_DOCUMENTATION_COMMENTS = YES;
				CLANG_WARN_EMPTY_BODY = YES;
				CLANG_WARN_ENUM_CONVERSION = YES;
				CLANG_WARN_INFINITE_RECURSION = YES;
				CLANG_WARN_INT_CONVERSION = YES;
				CLANG_WARN_NON_LITERAL_NULL_CONVERSION = YES;
				CLANG_WARN_OBJC_IMPLICIT_RETAIN_SELF = YES;
				CLANG_WARN_OBJC_LITERAL_CONVERSION = YES;
				CLANG_WARN_OBJC_ROOT_CLASS = YES_ERROR;
				CLANG_WARN_RANGE_LOOP_ANALYSIS = YES;
				CLANG_WARN_STRICT_PROTOTYPES = YES;
				CLANG_WARN_SUSPICIOUS_MOVE = YES;
				CLANG_WARN_UNGUARDED_AVAILABILITY = YES_AGGRESSIVE;
				CLANG_WARN_UNREACHABLE_CODE = YES;
				CLANG_WARN__DUPLICATE_METHOD_MATCH = YES;
				CODE_SIGN_IDENTITY = "iPhone Developer";
				COPY_PHASE_STRIP = NO;
				DEBUG_INFORMATION_FORMAT = "dwarf-with-dsym";
				ENABLE_NS_ASSERTIONS = NO;
				ENABLE_STRICT_OBJC_MSGSEND = YES;
				GCC_C_LANGUAGE_STANDARD = gnu11;
				GCC_NO_COMMON_BLOCKS = YES;
				GCC_WARN_64_TO_32_BIT_CONVERSION = YES;
				GCC_WARN_ABOUT_RETURN_TYPE = YES_ERROR;
				GCC_WARN_UNDECLARED_SELECTOR = YES;
				GCC_WARN_UNINITIALIZED_AUTOS = YES_AGGRESSIVE;
				GCC_WARN_UNUSED_FUNCTION = YES;
				GCC_WARN_UNUSED_VARIABLE = YES;
				IPHONEOS_DEPLOYMENT_TARGET = 12.1;
				MTL_ENABLE_DEBUG_INFO = NO;
				MTL_FAST_MATH = YES;
				SDKROOT = iphoneos;
				SWIFT_COMPILATION_MODE = wholemodule;
				SWIFT_OPTIMIZATION_LEVEL = "-O";
				VALIDATE_PRODUCT = YES;
			};
			name = Release;
		};
		16C876FA21CB864600A31C49 /* Debug */ = {
			isa = XCBuildConfiguration;
			buildSettings = {
				ASSETCATALOG_COMPILER_APPICON_NAME = AppIcon;
				CODE_SIGN_STYLE = Automatic;
				DEVELOPMENT_TEAM = 299TQXJ7S5;
				INFOPLIST_FILE = Chapter03TabBar/Info.plist;
				LD_RUNPATH_SEARCH_PATHS = (
					"$(inherited)",
					"@executable_path/Frameworks",
				);
				PRODUCT_BUNDLE_IDENTIFIER = com.gaeasoft.memoManagerSwift.Chapter03TabBar;
				PRODUCT_NAME = "$(TARGET_NAME)";
				SWIFT_VERSION = 4.2;
				TARGETED_DEVICE_FAMILY = "1,2";
			};
			name = Debug;
		};
		16C876FB21CB864600A31C49 /* Release */ = {
			isa = XCBuildConfiguration;
			buildSettings = {
				ASSETCATALOG_COMPILER_APPICON_NAME = AppIcon;
				CODE_SIGN_STYLE = Automatic;
				DEVELOPMENT_TEAM = 299TQXJ7S5;
				INFOPLIST_FILE = Chapter03TabBar/Info.plist;
				LD_RUNPATH_SEARCH_PATHS = (
					"$(inherited)",
					"@executable_path/Frameworks",
				);
				PRODUCT_BUNDLE_IDENTIFIER = com.gaeasoft.memoManagerSwift.Chapter03TabBar;
				PRODUCT_NAME = "$(TARGET_NAME)";
				SWIFT_VERSION = 4.2;
				TARGETED_DEVICE_FAMILY = "1,2";
			};
			name = Release;
		};
		16C876FD21CB864600A31C49 /* Debug */ = {
			isa = XCBuildConfiguration;
			buildSettings = {
				ALWAYS_EMBED_SWIFT_STANDARD_LIBRARIES = YES;
				BUNDLE_LOADER = "$(TEST_HOST)";
				CODE_SIGN_STYLE = Automatic;
				DEVELOPMENT_TEAM = 299TQXJ7S5;
				INFOPLIST_FILE = Chapter03TabBarTests/Info.plist;
				LD_RUNPATH_SEARCH_PATHS = (
					"$(inherited)",
					"@executable_path/Frameworks",
					"@loader_path/Frameworks",
				);
				PRODUCT_BUNDLE_IDENTIFIER = com.gaeasoft.memoManagerSwift.Chapter03TabBarTests;
				PRODUCT_NAME = "$(TARGET_NAME)";
				SWIFT_VERSION = 4.2;
				TARGETED_DEVICE_FAMILY = "1,2";
				TEST_HOST = "$(BUILT_PRODUCTS_DIR)/Chapter03TabBar.app/Chapter03TabBar";
			};
			name = Debug;
		};
		16C876FE21CB864600A31C49 /* Release */ = {
			isa = XCBuildConfiguration;
			buildSettings = {
				ALWAYS_EMBED_SWIFT_STANDARD_LIBRARIES = YES;
				BUNDLE_LOADER = "$(TEST_HOST)";
				CODE_SIGN_STYLE = Automatic;
				DEVELOPMENT_TEAM = 299TQXJ7S5;
				INFOPLIST_FILE = Chapter03TabBarTests/Info.plist;
				LD_RUNPATH_SEARCH_PATHS = (
					"$(inherited)",
					"@executable_path/Frameworks",
					"@loader_path/Frameworks",
				);
				PRODUCT_BUNDLE_IDENTIFIER = com.gaeasoft.memoManagerSwift.Chapter03TabBarTests;
				PRODUCT_NAME = "$(TARGET_NAME)";
				SWIFT_VERSION = 4.2;
				TARGETED_DEVICE_FAMILY = "1,2";
				TEST_HOST = "$(BUILT_PRODUCTS_DIR)/Chapter03TabBar.app/Chapter03TabBar";
			};
			name = Release;
		};
/* End XCBuildConfiguration section */

/* Begin XCConfigurationList section */
		16C876D421CB864500A31C49 /* Build configuration list for PBXProject "Chapter03TabBar" */ = {
			isa = XCConfigurationList;
			buildConfigurations = (
				16C876F721CB864600A31C49 /* Debug */,
				16C876F821CB864600A31C49 /* Release */,
			);
			defaultConfigurationIsVisible = 0;
			defaultConfigurationName = Release;
		};
		16C876F921CB864600A31C49 /* Build configuration list for PBXNativeTarget "Chapter03TabBar" */ = {
			isa = XCConfigurationList;
			buildConfigurations = (
				16C876FA21CB864600A31C49 /* Debug */,
				16C876FB21CB864600A31C49 /* Release */,
			);
			defaultConfigurationIsVisible = 0;
			defaultConfigurationName = Release;
		};
		16C876FC21CB864600A31C49 /* Build configuration list for PBXNativeTarget "Chapter03TabBarTests" */ = {
			isa = XCConfigurationList;
			buildConfigurations = (
				16C876FD21CB864600A31C49 /* Debug */,
				16C876FE21CB864600A31C49 /* Release */,
			);
			defaultConfigurationIsVisible = 0;
			defaultConfigurationName = Release;
		};
/* End XCConfigurationList section */

/* Begin XCVersionGroup section */
		16C876E321CB864500A31C49 /* Chapter03TabBar.xcdatamodeld */ = {
			isa = XCVersionGroup;
			children = (
				16C876E421CB864500A31C49 /* Chapter03TabBar.xcdatamodel */,
			);
			currentVersion = 16C876E421CB864500A31C49 /* Chapter03TabBar.xcdatamodel */;
			path = Chapter03TabBar.xcdatamodeld;
			sourceTree = "<group>";
			versionGroupType = wrapper.xcdatamodel;
		};
/* End XCVersionGroup section */
	};
	rootObject = 16C876D121CB864500A31C49 /* Project object */;
}
