// !$*UTF8*$!
{
	archiveVersion = 1;
	classes = {
	};
	objectVersion = 50;
	objects = {

/* Begin PBXBuildFile section */
		164AB8142244BD2400D9F7DF /* AppDelegate.swift in Sources */ = {isa = PBXBuildFile; fileRef = 164AB8132244BD2400D9F7DF /* AppDelegate.swift */; };
		164AB8162244BD2400D9F7DF /* ViewController.swift in Sources */ = {isa = PBXBuildFile; fileRef = 164AB8152244BD2400D9F7DF /* ViewController.swift */; };
		164AB8192244BD2400D9F7DF /* Main.storyboard in Resources */ = {isa = PBXBuildFile; fileRef = 164AB8172244BD2400D9F7DF /* Main.storyboard */; };
		164AB81C2244BD2400D9F7DF /* Chapter08_ApiTest.xcdatamodeld in Sources */ = {isa = PBXBuildFile; fileRef = 164AB81A2244BD2400D9F7DF /* Chapter08_ApiTest.xcdatamodeld */; };
		164AB81E2244BD2500D9F7DF /* Assets.xcassets in Resources */ = {isa = PBXBuildFile; fileRef = 164AB81D2244BD2500D9F7DF /* Assets.xcassets */; };
		164AB8212244BD2500D9F7DF /* LaunchScreen.storyboard in Resources */ = {isa = PBXBuildFile; fileRef = 164AB81F2244BD2500D9F7DF /* LaunchScreen.storyboard */; };
/* End PBXBuildFile section */

/* Begin PBXFileReference section */
		164AB8102244BD2400D9F7DF /* Chapter08_ApiTest.app */ = {isa = PBXFileReference; explicitFileType = wrapper.application; includeInIndex = 0; path = Chapter08_ApiTest.app; sourceTree = BUILT_PRODUCTS_DIR; };
		164AB8132244BD2400D9F7DF /* AppDelegate.swift */ = {isa = PBXFileReference; lastKnownFileType = sourcecode.swift; path = AppDelegate.swift; sourceTree = "<group>"; };
		164AB8152244BD2400D9F7DF /* ViewController.swift */ = {isa = PBXFileReference; lastKnownFileType = sourcecode.swift; path = ViewController.swift; sourceTree = "<group>"; };
		164AB8182244BD2400D9F7DF /* Base */ = {isa = PBXFileReference; lastKnownFileType = file.storyboard; name = Base; path = Base.lproj/Main.storyboard; sourceTree = "<group>"; };
		164AB81B2244BD2400D9F7DF /* Chapter08_ApiTest.xcdatamodel */ = {isa = PBXFileReference; lastKnownFileType = wrapper.xcdatamodel; path = Chapter08_ApiTest.xcdatamodel; sourceTree = "<group>"; };
		164AB81D2244BD2500D9F7DF /* Assets.xcassets */ = {isa = PBXFileReference; lastKnownFileType = folder.assetcatalog; path = Assets.xcassets; sourceTree = "<group>"; };
		164AB8202244BD2500D9F7DF /* Base */ = {isa = PBXFileReference; lastKnownFileType = file.storyboard; name = Base; path = Base.lproj/LaunchScreen.storyboard; sourceTree = "<group>"; };
		164AB8222244BD2500D9F7DF /* Info.plist */ = {isa = PBXFileReference; lastKnownFileType = text.plist.xml; path = Info.plist; sourceTree = "<group>"; };
/* End PBXFileReference section */

/* Begin PBXFrameworksBuildPhase section */
		164AB80D2244BD2400D9F7DF /* Frameworks */ = {
			isa = PBXFrameworksBuildPhase;
			buildActionMask = 2147483647;
			files = (
			);
			runOnlyForDeploymentPostprocessing = 0;
		};
/* End PBXFrameworksBuildPhase section */

/* Begin PBXGroup section */
		164AB8072244BD2400D9F7DF = {
			isa = PBXGroup;
			children = (
				164AB8122244BD2400D9F7DF /* Chapter08_ApiTest */,
				164AB8112244BD2400D9F7DF /* Products */,
			);
			sourceTree = "<group>";
		};
		164AB8112244BD2400D9F7DF /* Products */ = {
			isa = PBXGroup;
			children = (
				164AB8102244BD2400D9F7DF /* Chapter08_ApiTest.app */,
			);
			name = Products;
			sourceTree = "<group>";
		};
		164AB8122244BD2400D9F7DF /* Chapter08_ApiTest */ = {
			isa = PBXGroup;
			children = (
				164AB8132244BD2400D9F7DF /* AppDelegate.swift */,
				164AB8152244BD2400D9F7DF /* ViewController.swift */,
				164AB8172244BD2400D9F7DF /* Main.storyboard */,
				164AB81D2244BD2500D9F7DF /* Assets.xcassets */,
				164AB81F2244BD2500D9F7DF /* LaunchScreen.storyboard */,
				164AB8222244BD2500D9F7DF /* Info.plist */,
				164AB81A2244BD2400D9F7DF /* Chapter08_ApiTest.xcdatamodeld */,
			);
			path = Chapter08_ApiTest;
			sourceTree = "<group>";
		};
/* End PBXGroup section */

/* Begin PBXNativeTarget section */
		164AB80F2244BD2400D9F7DF /* Chapter08_ApiTest */ = {
			isa = PBXNativeTarget;
			buildConfigurationList = 164AB8252244BD2500D9F7DF /* Build configuration list for PBXNativeTarget "Chapter08_ApiTest" */;
			buildPhases = (
				164AB80C2244BD2400D9F7DF /* Sources */,
				164AB80D2244BD2400D9F7DF /* Frameworks */,
				164AB80E2244BD2400D9F7DF /* Resources */,
			);
			buildRules = (
			);
			dependencies = (
			);
			name = Chapter08_ApiTest;
			productName = Chapter08_ApiTest;
			productReference = 164AB8102244BD2400D9F7DF /* Chapter08_ApiTest.app */;
			productType = "com.apple.product-type.application";
		};
/* End PBXNativeTarget section */

/* Begin PBXProject section */
		164AB8082244BD2400D9F7DF /* Project object */ = {
			isa = PBXProject;
			attributes = {
				LastSwiftUpdateCheck = 1010;
				LastUpgradeCheck = 1010;
				ORGANIZATIONNAME = gaeasoft;
				TargetAttributes = {
					164AB80F2244BD2400D9F7DF = {
						CreatedOnToolsVersion = 10.1;
					};
				};
			};
			buildConfigurationList = 164AB80B2244BD2400D9F7DF /* Build configuration list for PBXProject "Chapter08_ApiTest" */;
			compatibilityVersion = "Xcode 9.3";
			developmentRegion = en;
			hasScannedForEncodings = 0;
			knownRegions = (
				en,
				Base,
			);
			mainGroup = 164AB8072244BD2400D9F7DF;
			productRefGroup = 164AB8112244BD2400D9F7DF /* Products */;
			projectDirPath = "";
			projectRoot = "";
			targets = (
				164AB80F2244BD2400D9F7DF /* Chapter08_ApiTest */,
			);
		};
/* End PBXProject section */

/* Begin PBXResourcesBuildPhase section */
		164AB80E2244BD2400D9F7DF /* Resources */ = {
			isa = PBXResourcesBuildPhase;
			buildActionMask = 2147483647;
			files = (
				164AB8212244BD2500D9F7DF /* LaunchScreen.storyboard in Resources */,
				164AB81E2244BD2500D9F7DF /* Assets.xcassets in Resources */,
				164AB8192244BD2400D9F7DF /* Main.storyboard in Resources */,
			);
			runOnlyForDeploymentPostprocessing = 0;
		};
/* End PBXResourcesBuildPhase section */

/* Begin PBXSourcesBuildPhase section */
		164AB80C2244BD2400D9F7DF /* Sources */ = {
			isa = PBXSourcesBuildPhase;
			buildActionMask = 2147483647;
			files = (
				164AB8162244BD2400D9F7DF /* ViewController.swift in Sources */,
				164AB81C2244BD2400D9F7DF /* Chapter08_ApiTest.xcdatamodeld in Sources */,
				164AB8142244BD2400D9F7DF /* AppDelegate.swift in Sources */,
			);
			runOnlyForDeploymentPostprocessing = 0;
		};
/* End PBXSourcesBuildPhase section */

/* Begin PBXVariantGroup section */
		164AB8172244BD2400D9F7DF /* Main.storyboard */ = {
			isa = PBXVariantGroup;
			children = (
				164AB8182244BD2400D9F7DF /* Base */,
			);
			name = Main.storyboard;
			sourceTree = "<group>";
		};
		164AB81F2244BD2500D9F7DF /* LaunchScreen.storyboard */ = {
			isa = PBXVariantGroup;
			children = (
				164AB8202244BD2500D9F7DF /* Base */,
			);
			name = LaunchScreen.storyboard;
			sourceTree = "<group>";
		};
/* End PBXVariantGroup section */

/* Begin XCBuildConfiguration section */
		164AB8232244BD2500D9F7DF /* Debug */ = {
			isa = XCBuildConfiguration;
			buildSettings = {
				ALWAYS_SEARCH_USER_PATHS = NO;
				CLANG_ANALYZER_NONNULL = YES;
				CLANG_ANALYZER_NUMBER_OBJECT_CONVERSION = YES_AGGRESSIVE;
				CLANG_CXX_LANGUAGE_STANDARD = "gnu++14";
				CLANG_CXX_LIBRARY = "libc++";
				CLANG_ENABLE_MODULES = YES;
				CLANG_ENABLE_OBJC_ARC = YES;
				CLANG_ENABLE_OBJC_WEAK = YES;
				CLANG_WARN_BLOCK_CAPTURE_AUTORELEASING = YES;
				CLANG_WARN_BOOL_CONVERSION = YES;
				CLANG_WARN_COMMA = YES;
				CLANG_WARN_CONSTANT_CONVERSION = YES;
				CLANG_WARN_DEPRECATED_OBJC_IMPLEMENTATIONS = YES;
				CLANG_WARN_DIRECT_OBJC_ISA_USAGE = YES_ERROR;
				CLANG_WARN_DOCUMENTATION_COMMENTS = YES;
				CLANG_WARN_EMPTY_BODY = YES;
				CLANG_WARN_ENUM_CONVERSION = YES;
				CLANG_WARN_INFINITE_RECURSION = YES;
				CLANG_WARN_INT_CONVERSION = YES;
				CLANG_WARN_NON_LITERAL_NULL_CONVERSION = YES;
				CLANG_WARN_OBJC_IMPLICIT_RETAIN_SELF = YES;
				CLANG_WARN_OBJC_LITERAL_CONVERSION = YES;
				CLANG_WARN_OBJC_ROOT_CLASS = YES_ERROR;
				CLANG_WARN_RANGE_LOOP_ANALYSIS = YES;
				CLANG_WARN_STRICT_PROTOTYPES = YES;
				CLANG_WARN_SUSPICIOUS_MOVE = YES;
				CLANG_WARN_UNGUARDED_AVAILABILITY = YES_AGGRESSIVE;
				CLANG_WARN_UNREACHABLE_CODE = YES;
				CLANG_WARN__DUPLICATE_METHOD_MATCH = YES;
				CODE_SIGN_IDENTITY = "iPhone Developer";
				COPY_PHASE_STRIP = NO;
				DEBUG_INFORMATION_FORMAT = dwarf;
				ENABLE_STRICT_OBJC_MSGSEND = YES;
				ENABLE_TESTABILITY = YES;
				GCC_C_LANGUAGE_STANDARD = gnu11;
				GCC_DYNAMIC_NO_PIC = NO;
				GCC_NO_COMMON_BLOCKS = YES;
				GCC_OPTIMIZATION_LEVEL = 0;
				GCC_PREPROCESSOR_DEFINITIONS = (
					"DEBUG=1",
					"$(inherited)",
				);
				GCC_WARN_64_TO_32_BIT_CONVERSION = YES;
				GCC_WARN_ABOUT_RETURN_TYPE = YES_ERROR;
				GCC_WARN_UNDECLARED_SELECTOR = YES;
				GCC_WARN_UNINITIALIZED_AUTOS = YES_AGGRESSIVE;
				GCC_WARN_UNUSED_FUNCTION = YES;
				GCC_WARN_UNUSED_VARIABLE = YES;
				IPHONEOS_DEPLOYMENT_TARGET = 12.1;
				MTL_ENABLE_DEBUG_INFO = INCLUDE_SOURCE;
				MTL_FAST_MATH = YES;
				ONLY_ACTIVE_ARCH = YES;
				SDKROOT = iphoneos;
				SWIFT_ACTIVE_COMPILATION_CONDITIONS = DEBUG;
				SWIFT_OPTIMIZATION_LEVEL = "-Onone";
			};
			name = Debug;
		};
		164AB8242244BD2500D9F7DF /* Release */ = {
			isa = XCBuildConfiguration;
			buildSettings = {
				ALWAYS_SEARCH_USER_PATHS = NO;
				CLANG_ANALYZER_NONNULL = YES;
				CLANG_ANALYZER_NUMBER_OBJECT_CONVERSION = YES_AGGRESSIVE;
				CLANG_CXX_LANGUAGE_STANDARD = "gnu++14";
				CLANG_CXX_LIBRARY = "libc++";
				CLANG_ENABLE_MODULES = YES;
				CLANG_ENABLE_OBJC_ARC = YES;
				CLANG_ENABLE_OBJC_WEAK = YES;
				CLANG_WARN_BLOCK_CAPTURE_AUTORELEASING = YES;
				CLANG_WARN_BOOL_CONVERSION = YES;
				CLANG_WARN_COMMA = YES;
				CLANG_WARN_CONSTANT_CONVERSION = YES;
				CLANG_WARN_DEPRECATED_OBJC_IMPLEMENTATIONS = YES;
				CLANG_WARN_DIRECT_OBJC_ISA_USAGE = YES_ERROR;
				CLANG_WARN_DOCUMENTATION_COMMENTS = YES;
				CLANG_WARN_EMPTY_BODY = YES;
				CLANG_WARN_ENUM_CONVERSION = YES;
				CLANG_WARN_INFINITE_RECURSION = YES;
				CLANG_WARN_INT_CONVERSION = YES;
				CLANG_WARN_NON_LITERAL_NULL_CONVERSION = YES;
				CLANG_WARN_OBJC_IMPLICIT_RETAIN_SELF = YES;
				CLANG_WARN_OBJC_LITERAL_CONVERSION = YES;
				CLANG_WARN_OBJC_ROOT_CLASS = YES_ERROR;
				CLANG_WARN_RANGE_LOOP_ANALYSIS = YES;
				CLANG_WARN_STRICT_PROTOTYPES = YES;
				CLANG_WARN_SUSPICIOUS_MOVE = YES;
				CLANG_WARN_UNGUARDED_AVAILABILITY = YES_AGGRESSIVE;
				CLANG_WARN_UNREACHABLE_CODE = YES;
				CLANG_WARN__DUPLICATE_METHOD_MATCH = YES;
				CODE_SIGN_IDENTITY = "iPhone Developer";
				COPY_PHASE_STRIP = NO;
				DEBUG_INFORMATION_FORMAT = "dwarf-with-dsym";
				ENABLE_NS_ASSERTIONS = NO;
				ENABLE_STRICT_OBJC_MSGSEND = YES;
				GCC_C_LANGUAGE_STANDARD = gnu11;
				GCC_NO_COMMON_BLOCKS = YES;
				GCC_WARN_64_TO_32_BIT_CONVERSION = YES;
				GCC_WARN_ABOUT_RETURN_TYPE = YES_ERROR;
				GCC_WARN_UNDECLARED_SELECTOR = YES;
				GCC_WARN_UNINITIALIZED_AUTOS = YES_AGGRESSIVE;
				GCC_WARN_UNUSED_FUNCTION = YES;
				GCC_WARN_UNUSED_VARIABLE = YES;
				IPHONEOS_DEPLOYMENT_TARGET = 12.1;
				MTL_ENABLE_DEBUG_INFO = NO;
				MTL_FAST_MATH = YES;
				SDKROOT = iphoneos;
				SWIFT_COMPILATION_MODE = wholemodule;
				SWIFT_OPTIMIZATION_LEVEL = "-O";
				VALIDATE_PRODUCT = YES;
			};
			name = Release;
		};
		164AB8262244BD2500D9F7DF /* Debug */ = {
			isa = XCBuildConfiguration;
			buildSettings = {
				ASSETCATALOG_COMPILER_APPICON_NAME = AppIcon;
				CODE_SIGN_STYLE = Automatic;
				DEVELOPMENT_TEAM = 299TQXJ7S5;
				INFOPLIST_FILE = Chapter08_ApiTest/Info.plist;
				LD_RUNPATH_SEARCH_PATHS = (
					"$(inherited)",
					"@executable_path/Frameworks",
				);
				PRODUCT_BUNDLE_IDENTIFIER = "com.gaeasoft.-mapIteratorDaum.Chapter08-ApiTest";
				PRODUCT_NAME = "$(TARGET_NAME)";
				SWIFT_VERSION = 4.2;
				TARGETED_DEVICE_FAMILY = "1,2";
			};
			name = Debug;
		};
		164AB8272244BD2500D9F7DF /* Release */ = {
			isa = XCBuildConfiguration;
			buildSettings = {
				ASSETCATALOG_COMPILER_APPICON_NAME = AppIcon;
				CODE_SIGN_STYLE = Automatic;
				DEVELOPMENT_TEAM = 299TQXJ7S5;
				INFOPLIST_FILE = Chapter08_ApiTest/Info.plist;
				LD_RUNPATH_SEARCH_PATHS = (
					"$(inherited)",
					"@executable_path/Frameworks",
				);
				PRODUCT_BUNDLE_IDENTIFIER = "com.gaeasoft.-mapIteratorDaum.Chapter08-ApiTest";
				PRODUCT_NAME = "$(TARGET_NAME)";
				SWIFT_VERSION = 4.2;
				TARGETED_DEVICE_FAMILY = "1,2";
			};
			name = Release;
		};
/* End XCBuildConfiguration section */

/* Begin XCConfigurationList section */
		164AB80B2244BD2400D9F7DF /* Build configuration list for PBXProject "Chapter08_ApiTest" */ = {
			isa = XCConfigurationList;
			buildConfigurations = (
				164AB8232244BD2500D9F7DF /* Debug */,
				164AB8242244BD2500D9F7DF /* Release */,
			);
			defaultConfigurationIsVisible = 0;
			defaultConfigurationName = Release;
		};
		164AB8252244BD2500D9F7DF /* Build configuration list for PBXNativeTarget "Chapter08_ApiTest" */ = {
			isa = XCConfigurationList;
			buildConfigurations = (
				164AB8262244BD2500D9F7DF /* Debug */,
				164AB8272244BD2500D9F7DF /* Release */,
			);
			defaultConfigurationIsVisible = 0;
			defaultConfigurationName = Release;
		};
/* End XCConfigurationList section */

/* Begin XCVersionGroup section */
		164AB81A2244BD2400D9F7DF /* Chapter08_ApiTest.xcdatamodeld */ = {
			isa = XCVersionGroup;
			children = (
				164AB81B2244BD2400D9F7DF /* Chapter08_ApiTest.xcdatamodel */,
			);
			currentVersion = 164AB81B2244BD2400D9F7DF /* Chapter08_ApiTest.xcdatamodel */;
			path = Chapter08_ApiTest.xcdatamodeld;
			sourceTree = "<group>";
			versionGroupType = wrapper.xcdatamodel;
		};
/* End XCVersionGroup section */
	};
	rootObject = 164AB8082244BD2400D9F7DF /* Project object */;
}
