// !$*UTF8*$!
{
	archiveVersion = 1;
	classes = {
	};
	objectVersion = 50;
	objects = {

/* Begin PBXBuildFile section */
		1610BA7D2202932A00B42C51 /* ProfileViewController.swift in Sources */ = {isa = PBXBuildFile; fileRef = 1610BA7C2202932A00B42C51 /* ProfileViewController.swift */; };
		1698F5D02211643000CEF7BB /* UserInfoManager.swift in Sources */ = {isa = PBXBuildFile; fileRef = 1698F5CF2211643000CEF7BB /* UserInfoManager.swift */; };
		1698F5D22212809E00CEF7BB /* Tutorial.storyboard in Resources */ = {isa = PBXBuildFile; fileRef = 1698F5D12212809E00CEF7BB /* Tutorial.storyboard */; };
		1698F5D42212839700CEF7BB /* Utils.swift in Sources */ = {isa = PBXBuildFile; fileRef = 1698F5D32212839700CEF7BB /* Utils.swift */; };
		1698F5D72212851600CEF7BB /* TutorialContentsViewController.swift in Sources */ = {isa = PBXBuildFile; fileRef = 1698F5D62212851600CEF7BB /* TutorialContentsViewController.swift */; };
		1698F5D92212869000CEF7BB /* TutorialMasterViewController.swift in Sources */ = {isa = PBXBuildFile; fileRef = 1698F5D82212869000CEF7BB /* TutorialMasterViewController.swift */; };
		16ABD557219AAB8000C101F1 /* MemoTableViewController.swift in Sources */ = {isa = PBXBuildFile; fileRef = 16ABD556219AAB8000C101F1 /* MemoTableViewController.swift */; };
		16ABD559219AAB9F00C101F1 /* MemoFormViewController.swift in Sources */ = {isa = PBXBuildFile; fileRef = 16ABD558219AAB9F00C101F1 /* MemoFormViewController.swift */; };
		16ABD55B219AABA800C101F1 /* MemoReadViewController.swift in Sources */ = {isa = PBXBuildFile; fileRef = 16ABD55A219AABA800C101F1 /* MemoReadViewController.swift */; };
		16ABD55F219AAC0B00C101F1 /* MemoTableViewCell.swift in Sources */ = {isa = PBXBuildFile; fileRef = 16ABD55E219AAC0B00C101F1 /* MemoTableViewCell.swift */; };
		16ABD562219AAC9600C101F1 /* MemoData.swift in Sources */ = {isa = PBXBuildFile; fileRef = 16ABD561219AAC9600C101F1 /* MemoData.swift */; };
		16C3637E21FAD8DF006A601E /* CSLogButton.swift in Sources */ = {isa = PBXBuildFile; fileRef = 16C3637D21FAD8DF006A601E /* CSLogButton.swift */; };
		16C3638321FADA0E006A601E /* memo-background@2x.png in Resources */ = {isa = PBXBuildFile; fileRef = 16C3638021FADA0E006A601E /* memo-background@2x.png */; };
		16C3638421FADA0E006A601E /* button-bg.png in Resources */ = {isa = PBXBuildFile; fileRef = 16C3638121FADA0E006A601E /* button-bg.png */; };
		16C3638721FADA13006A601E /* fountainpen@2x.png in Resources */ = {isa = PBXBuildFile; fileRef = 16C3638621FADA13006A601E /* fountainpen@2x.png */; };
		16F088BF218AD8D400AFB29F /* AppDelegate.swift in Sources */ = {isa = PBXBuildFile; fileRef = 16F088BE218AD8D400AFB29F /* AppDelegate.swift */; };
		16F088C4218AD8D400AFB29F /* Main.storyboard in Resources */ = {isa = PBXBuildFile; fileRef = 16F088C2218AD8D400AFB29F /* Main.storyboard */; };
		16F088C7218AD8D400AFB29F /* memoManagerSwift.xcdatamodeld in Sources */ = {isa = PBXBuildFile; fileRef = 16F088C5218AD8D400AFB29F /* memoManagerSwift.xcdatamodeld */; };
		16F088C9218AD8D800AFB29F /* Assets.xcassets in Resources */ = {isa = PBXBuildFile; fileRef = 16F088C8218AD8D800AFB29F /* Assets.xcassets */; };
		16F088CC218AD8D800AFB29F /* LaunchScreen.storyboard in Resources */ = {isa = PBXBuildFile; fileRef = 16F088CA218AD8D800AFB29F /* LaunchScreen.storyboard */; };
		16F088D7218AD8D900AFB29F /* memoManagerSwiftTests.swift in Sources */ = {isa = PBXBuildFile; fileRef = 16F088D6218AD8D900AFB29F /* memoManagerSwiftTests.swift */; };
		16FCFDE421FF0A3E00E653D1 /* SWRevealViewController.m in Sources */ = {isa = PBXBuildFile; fileRef = 16FCFDE321FF0A3E00E653D1 /* SWRevealViewController.m */; };
		16FCFDEF21FF0A8700E653D1 /* icon02.png in Resources */ = {isa = PBXBuildFile; fileRef = 16FCFDE521FF0A8700E653D1 /* icon02.png */; };
		16FCFDF021FF0A8700E653D1 /* account@2x.jpg in Resources */ = {isa = PBXBuildFile; fileRef = 16FCFDE621FF0A8700E653D1 /* account@2x.jpg */; };
		16FCFDF221FF0A8700E653D1 /* icon05.png in Resources */ = {isa = PBXBuildFile; fileRef = 16FCFDE821FF0A8700E653D1 /* icon05.png */; };
		16FCFDF521FF0A8700E653D1 /* icon03.png in Resources */ = {isa = PBXBuildFile; fileRef = 16FCFDEB21FF0A8700E653D1 /* icon03.png */; };
		16FCFDF621FF0A8700E653D1 /* icon06.png in Resources */ = {isa = PBXBuildFile; fileRef = 16FCFDEC21FF0A8700E653D1 /* icon06.png */; };
		16FCFDF721FF0A8700E653D1 /* icon01.png in Resources */ = {isa = PBXBuildFile; fileRef = 16FCFDED21FF0A8700E653D1 /* icon01.png */; };
		16FCFDF821FF0A8700E653D1 /* icon04.png in Resources */ = {isa = PBXBuildFile; fileRef = 16FCFDEE21FF0A8700E653D1 /* icon04.png */; };
		16FCFDFC21FF0A8F00E653D1 /* sidemenu.png in Resources */ = {isa = PBXBuildFile; fileRef = 16FCFDF921FF0A8E00E653D1 /* sidemenu.png */; };
		16FCFDFD21FF0A8F00E653D1 /* warning-icon-60@2x.png in Resources */ = {isa = PBXBuildFile; fileRef = 16FCFDFA21FF0A8E00E653D1 /* warning-icon-60@2x.png */; };
		16FCFDFE21FF0A8F00E653D1 /* profile-bg.png in Resources */ = {isa = PBXBuildFile; fileRef = 16FCFDFB21FF0A8F00E653D1 /* profile-bg.png */; };
		16FCFE0021FF0C6900E653D1 /* SideBarTableViewController.swift in Sources */ = {isa = PBXBuildFile; fileRef = 16FCFDFF21FF0C6900E653D1 /* SideBarTableViewController.swift */; };
/* End PBXBuildFile section */

/* Begin PBXContainerItemProxy section */
		16F088D3218AD8D900AFB29F /* PBXContainerItemProxy */ = {
			isa = PBXContainerItemProxy;
			containerPortal = 16F088B3218AD8D400AFB29F /* Project object */;
			proxyType = 1;
			remoteGlobalIDString = 16F088BA218AD8D400AFB29F;
			remoteInfo = memoManagerSwift;
		};
/* End PBXContainerItemProxy section */

/* Begin PBXFileReference section */
		1610BA7C2202932A00B42C51 /* ProfileViewController.swift */ = {isa = PBXFileReference; lastKnownFileType = sourcecode.swift; path = ProfileViewController.swift; sourceTree = "<group>"; };
		1698F5CF2211643000CEF7BB /* UserInfoManager.swift */ = {isa = PBXFileReference; lastKnownFileType = sourcecode.swift; path = UserInfoManager.swift; sourceTree = "<group>"; };
		1698F5D12212809E00CEF7BB /* Tutorial.storyboard */ = {isa = PBXFileReference; lastKnownFileType = file.storyboard; path = Tutorial.storyboard; sourceTree = "<group>"; };
		1698F5D32212839700CEF7BB /* Utils.swift */ = {isa = PBXFileReference; lastKnownFileType = sourcecode.swift; path = Utils.swift; sourceTree = "<group>"; };
		1698F5D62212851600CEF7BB /* TutorialContentsViewController.swift */ = {isa = PBXFileReference; lastKnownFileType = sourcecode.swift; path = TutorialContentsViewController.swift; sourceTree = "<group>"; };
		1698F5D82212869000CEF7BB /* TutorialMasterViewController.swift */ = {isa = PBXFileReference; lastKnownFileType = sourcecode.swift; path = TutorialMasterViewController.swift; sourceTree = "<group>"; };
		16ABD556219AAB8000C101F1 /* MemoTableViewController.swift */ = {isa = PBXFileReference; lastKnownFileType = sourcecode.swift; path = MemoTableViewController.swift; sourceTree = "<group>"; };
		16ABD558219AAB9F00C101F1 /* MemoFormViewController.swift */ = {isa = PBXFileReference; lastKnownFileType = sourcecode.swift; path = MemoFormViewController.swift; sourceTree = "<group>"; };
		16ABD55A219AABA800C101F1 /* MemoReadViewController.swift */ = {isa = PBXFileReference; lastKnownFileType = sourcecode.swift; path = MemoReadViewController.swift; sourceTree = "<group>"; };
		16ABD55E219AAC0B00C101F1 /* MemoTableViewCell.swift */ = {isa = PBXFileReference; lastKnownFileType = sourcecode.swift; path = MemoTableViewCell.swift; sourceTree = "<group>"; };
		16ABD561219AAC9600C101F1 /* MemoData.swift */ = {isa = PBXFileReference; lastKnownFileType = sourcecode.swift; path = MemoData.swift; sourceTree = "<group>"; };
		16C3637D21FAD8DF006A601E /* CSLogButton.swift */ = {isa = PBXFileReference; lastKnownFileType = sourcecode.swift; path = CSLogButton.swift; sourceTree = "<group>"; };
		16C3638021FADA0E006A601E /* memo-background@2x.png */ = {isa = PBXFileReference; lastKnownFileType = image.png; path = "memo-background@2x.png"; sourceTree = "<group>"; };
		16C3638121FADA0E006A601E /* button-bg.png */ = {isa = PBXFileReference; lastKnownFileType = image.png; path = "button-bg.png"; sourceTree = "<group>"; };
		16C3638621FADA13006A601E /* fountainpen@2x.png */ = {isa = PBXFileReference; lastKnownFileType = image.png; path = "fountainpen@2x.png"; sourceTree = "<group>"; };
		16F088BB218AD8D400AFB29F /* memoManagerSwift.app */ = {isa = PBXFileReference; explicitFileType = wrapper.application; includeInIndex = 0; path = memoManagerSwift.app; sourceTree = BUILT_PRODUCTS_DIR; };
		16F088BE218AD8D400AFB29F /* AppDelegate.swift */ = {isa = PBXFileReference; lastKnownFileType = sourcecode.swift; path = AppDelegate.swift; sourceTree = "<group>"; };
		16F088C3218AD8D400AFB29F /* Base */ = {isa = PBXFileReference; lastKnownFileType = file.storyboard; name = Base; path = Base.lproj/Main.storyboard; sourceTree = "<group>"; };
		16F088C6218AD8D400AFB29F /* memoManagerSwift.xcdatamodel */ = {isa = PBXFileReference; lastKnownFileType = wrapper.xcdatamodel; path = memoManagerSwift.xcdatamodel; sourceTree = "<group>"; };
		16F088C8218AD8D800AFB29F /* Assets.xcassets */ = {isa = PBXFileReference; lastKnownFileType = folder.assetcatalog; path = Assets.xcassets; sourceTree = "<group>"; };
		16F088CB218AD8D800AFB29F /* Base */ = {isa = PBXFileReference; lastKnownFileType = file.storyboard; name = Base; path = Base.lproj/LaunchScreen.storyboard; sourceTree = "<group>"; };
		16F088CD218AD8D800AFB29F /* Info.plist */ = {isa = PBXFileReference; lastKnownFileType = text.plist.xml; path = Info.plist; sourceTree = "<group>"; };
		16F088D2218AD8D900AFB29F /* memoManagerSwiftTests.xctest */ = {isa = PBXFileReference; explicitFileType = wrapper.cfbundle; includeInIndex = 0; path = memoManagerSwiftTests.xctest; sourceTree = BUILT_PRODUCTS_DIR; };
		16F088D6218AD8D900AFB29F /* memoManagerSwiftTests.swift */ = {isa = PBXFileReference; lastKnownFileType = sourcecode.swift; path = memoManagerSwiftTests.swift; sourceTree = "<group>"; };
		16F088D8218AD8D900AFB29F /* Info.plist */ = {isa = PBXFileReference; lastKnownFileType = text.plist.xml; path = Info.plist; sourceTree = "<group>"; };
		16FCFDE121FF0A3D00E653D1 /* memoManagerSwift-Bridging-Header.h */ = {isa = PBXFileReference; lastKnownFileType = sourcecode.c.h; path = "memoManagerSwift-Bridging-Header.h"; sourceTree = "<group>"; };
		16FCFDE221FF0A3E00E653D1 /* SWRevealViewController.h */ = {isa = PBXFileReference; fileEncoding = 4; lastKnownFileType = sourcecode.c.h; path = SWRevealViewController.h; sourceTree = "<group>"; };
		16FCFDE321FF0A3E00E653D1 /* SWRevealViewController.m */ = {isa = PBXFileReference; fileEncoding = 4; lastKnownFileType = sourcecode.c.objc; path = SWRevealViewController.m; sourceTree = "<group>"; };
		16FCFDE521FF0A8700E653D1 /* icon02.png */ = {isa = PBXFileReference; lastKnownFileType = image.png; path = icon02.png; sourceTree = "<group>"; };
		16FCFDE621FF0A8700E653D1 /* account@2x.jpg */ = {isa = PBXFileReference; lastKnownFileType = image.jpeg; path = "account@2x.jpg"; sourceTree = "<group>"; };
		16FCFDE821FF0A8700E653D1 /* icon05.png */ = {isa = PBXFileReference; lastKnownFileType = image.png; path = icon05.png; sourceTree = "<group>"; };
		16FCFDEB21FF0A8700E653D1 /* icon03.png */ = {isa = PBXFileReference; lastKnownFileType = image.png; path = icon03.png; sourceTree = "<group>"; };
		16FCFDEC21FF0A8700E653D1 /* icon06.png */ = {isa = PBXFileReference; lastKnownFileType = image.png; path = icon06.png; sourceTree = "<group>"; };
		16FCFDED21FF0A8700E653D1 /* icon01.png */ = {isa = PBXFileReference; lastKnownFileType = image.png; path = icon01.png; sourceTree = "<group>"; };
		16FCFDEE21FF0A8700E653D1 /* icon04.png */ = {isa = PBXFileReference; lastKnownFileType = image.png; path = icon04.png; sourceTree = "<group>"; };
		16FCFDF921FF0A8E00E653D1 /* sidemenu.png */ = {isa = PBXFileReference; lastKnownFileType = image.png; path = sidemenu.png; sourceTree = "<group>"; };
		16FCFDFA21FF0A8E00E653D1 /* warning-icon-60@2x.png */ = {isa = PBXFileReference; lastKnownFileType = image.png; name = "warning-icon-60@2x.png"; path = "../../../../../Downloads/Swift/Swift-Practice-master/Chapter04/MyMemory/warning-icon-60@2x.png"; sourceTree = "<group>"; };
		16FCFDFB21FF0A8F00E653D1 /* profile-bg.png */ = {isa = PBXFileReference; lastKnownFileType = image.png; path = "profile-bg.png"; sourceTree = "<group>"; };
		16FCFDFF21FF0C6900E653D1 /* SideBarTableViewController.swift */ = {isa = PBXFileReference; lastKnownFileType = sourcecode.swift; path = SideBarTableViewController.swift; sourceTree = "<group>"; };
/* End PBXFileReference section */

/* Begin PBXFrameworksBuildPhase section */
		16F088B8218AD8D400AFB29F /* Frameworks */ = {
			isa = PBXFrameworksBuildPhase;
			buildActionMask = 2147483647;
			files = (
			);
			runOnlyForDeploymentPostprocessing = 0;
		};
		16F088CF218AD8D900AFB29F /* Frameworks */ = {
			isa = PBXFrameworksBuildPhase;
			buildActionMask = 2147483647;
			files = (
			);
			runOnlyForDeploymentPostprocessing = 0;
		};
/* End PBXFrameworksBuildPhase section */

/* Begin PBXGroup section */
		1698F5D5221284F200CEF7BB /* Tutorial */ = {
			isa = PBXGroup;
			children = (
				1698F5D62212851600CEF7BB /* TutorialContentsViewController.swift */,
				1698F5D82212869000CEF7BB /* TutorialMasterViewController.swift */,
			);
			path = Tutorial;
			sourceTree = "<group>";
		};
		16ABD55C219AABB700C101F1 /* ViewController */ = {
			isa = PBXGroup;
			children = (
				1698F5D5221284F200CEF7BB /* Tutorial */,
				16ABD55D219AABF200C101F1 /* MemoCell */,
				16ABD556219AAB8000C101F1 /* MemoTableViewController.swift */,
				16ABD558219AAB9F00C101F1 /* MemoFormViewController.swift */,
				16ABD55A219AABA800C101F1 /* MemoReadViewController.swift */,
				16FCFDFF21FF0C6900E653D1 /* SideBarTableViewController.swift */,
				1610BA7C2202932A00B42C51 /* ProfileViewController.swift */,
			);
			path = ViewController;
			sourceTree = "<group>";
		};
		16ABD55D219AABF200C101F1 /* MemoCell */ = {
			isa = PBXGroup;
			children = (
				16ABD55E219AAC0B00C101F1 /* MemoTableViewCell.swift */,
			);
			path = MemoCell;
			sourceTree = "<group>";
		};
		16ABD560219AAC7600C101F1 /* Model */ = {
			isa = PBXGroup;
			children = (
				16ABD561219AAC9600C101F1 /* MemoData.swift */,
			);
			path = Model;
			sourceTree = "<group>";
		};
		16C3637C21FAD8C8006A601E /* Util */ = {
			isa = PBXGroup;
			children = (
				16C3637D21FAD8DF006A601E /* CSLogButton.swift */,
				1698F5CF2211643000CEF7BB /* UserInfoManager.swift */,
				1698F5D32212839700CEF7BB /* Utils.swift */,
			);
			path = Util;
			sourceTree = "<group>";
		};
		16C3637F21FAD9F1006A601E /* Resources */ = {
			isa = PBXGroup;
			children = (
				16FCFDFB21FF0A8F00E653D1 /* profile-bg.png */,
				16FCFDF921FF0A8E00E653D1 /* sidemenu.png */,
				16FCFDFA21FF0A8E00E653D1 /* warning-icon-60@2x.png */,
				16C3638621FADA13006A601E /* fountainpen@2x.png */,
				16C3638121FADA0E006A601E /* button-bg.png */,
				16FCFDEC21FF0A8700E653D1 /* icon06.png */,
				16C3638021FADA0E006A601E /* memo-background@2x.png */,
				16FCFDE621FF0A8700E653D1 /* account@2x.jpg */,
				16FCFDED21FF0A8700E653D1 /* icon01.png */,
				16FCFDE521FF0A8700E653D1 /* icon02.png */,
				16FCFDEB21FF0A8700E653D1 /* icon03.png */,
				16FCFDEE21FF0A8700E653D1 /* icon04.png */,
				16FCFDE821FF0A8700E653D1 /* icon05.png */,
			);
			path = Resources;
			sourceTree = "<group>";
		};
		16F088B2218AD8D400AFB29F = {
			isa = PBXGroup;
			children = (
				16F088BD218AD8D400AFB29F /* memoManagerSwift */,
				16F088D5218AD8D900AFB29F /* memoManagerSwiftTests */,
				16F088BC218AD8D400AFB29F /* Products */,
			);
			sourceTree = "<group>";
		};
		16F088BC218AD8D400AFB29F /* Products */ = {
			isa = PBXGroup;
			children = (
				16F088BB218AD8D400AFB29F /* memoManagerSwift.app */,
				16F088D2218AD8D900AFB29F /* memoManagerSwiftTests.xctest */,
			);
			name = Products;
			sourceTree = "<group>";
		};
		16F088BD218AD8D400AFB29F /* memoManagerSwift */ = {
			isa = PBXGroup;
			children = (
				16FCFDE021FF0A2D00E653D1 /* lib */,
				16C3637F21FAD9F1006A601E /* Resources */,
				16C3637C21FAD8C8006A601E /* Util */,
				16ABD560219AAC7600C101F1 /* Model */,
				16ABD55C219AABB700C101F1 /* ViewController */,
				16F088BE218AD8D400AFB29F /* AppDelegate.swift */,
				16F088C2218AD8D400AFB29F /* Main.storyboard */,
				1698F5D12212809E00CEF7BB /* Tutorial.storyboard */,
				16F088CA218AD8D800AFB29F /* LaunchScreen.storyboard */,
				16F088C8218AD8D800AFB29F /* Assets.xcassets */,
				16F088CD218AD8D800AFB29F /* Info.plist */,
				16F088C5218AD8D400AFB29F /* memoManagerSwift.xcdatamodeld */,
			);
			path = memoManagerSwift;
			sourceTree = "<group>";
		};
		16F088D5218AD8D900AFB29F /* memoManagerSwiftTests */ = {
			isa = PBXGroup;
			children = (
				16F088D6218AD8D900AFB29F /* memoManagerSwiftTests.swift */,
				16F088D8218AD8D900AFB29F /* Info.plist */,
			);
			path = memoManagerSwiftTests;
			sourceTree = "<group>";
		};
		16FCFDE021FF0A2D00E653D1 /* lib */ = {
			isa = PBXGroup;
			children = (
				16FCFDE221FF0A3E00E653D1 /* SWRevealViewController.h */,
				16FCFDE321FF0A3E00E653D1 /* SWRevealViewController.m */,
				16FCFDE121FF0A3D00E653D1 /* memoManagerSwift-Bridging-Header.h */,
			);
			path = lib;
			sourceTree = "<group>";
		};
/* End PBXGroup section */

/* Begin PBXNativeTarget section */
		16F088BA218AD8D400AFB29F /* memoManagerSwift */ = {
			isa = PBXNativeTarget;
			buildConfigurationList = 16F088DB218AD8D900AFB29F /* Build configuration list for PBXNativeTarget "memoManagerSwift" */;
			buildPhases = (
				16F088B7218AD8D400AFB29F /* Sources */,
				16F088B8218AD8D400AFB29F /* Frameworks */,
				16F088B9218AD8D400AFB29F /* Resources */,
			);
			buildRules = (
			);
			dependencies = (
			);
			name = memoManagerSwift;
			productName = memoManagerSwift;
			productReference = 16F088BB218AD8D400AFB29F /* memoManagerSwift.app */;
			productType = "com.apple.product-type.application";
		};
		16F088D1218AD8D900AFB29F /* memoManagerSwiftTests */ = {
			isa = PBXNativeTarget;
			buildConfigurationList = 16F088DE218AD8D900AFB29F /* Build configuration list for PBXNativeTarget "memoManagerSwiftTests" */;
			buildPhases = (
				16F088CE218AD8D900AFB29F /* Sources */,
				16F088CF218AD8D900AFB29F /* Frameworks */,
				16F088D0218AD8D900AFB29F /* Resources */,
			);
			buildRules = (
			);
			dependencies = (
				16F088D4218AD8D900AFB29F /* PBXTargetDependency */,
			);
			name = memoManagerSwiftTests;
			productName = memoManagerSwiftTests;
			productReference = 16F088D2218AD8D900AFB29F /* memoManagerSwiftTests.xctest */;
			productType = "com.apple.product-type.bundle.unit-test";
		};
/* End PBXNativeTarget section */

/* Begin PBXProject section */
		16F088B3218AD8D400AFB29F /* Project object */ = {
			isa = PBXProject;
			attributes = {
				LastSwiftUpdateCheck = 1000;
				LastUpgradeCheck = 1000;
				ORGANIZATIONNAME = gaeasoft;
				TargetAttributes = {
					16F088BA218AD8D400AFB29F = {
						CreatedOnToolsVersion = 10.0;
						LastSwiftMigration = 1010;
					};
					16F088D1218AD8D900AFB29F = {
						CreatedOnToolsVersion = 10.0;
						TestTargetID = 16F088BA218AD8D400AFB29F;
					};
				};
			};
			buildConfigurationList = 16F088B6218AD8D400AFB29F /* Build configuration list for PBXProject "memoManagerSwift" */;
			compatibilityVersion = "Xcode 9.3";
			developmentRegion = en;
			hasScannedForEncodings = 0;
			knownRegions = (
				en,
				Base,
			);
			mainGroup = 16F088B2218AD8D400AFB29F;
			productRefGroup = 16F088BC218AD8D400AFB29F /* Products */;
			projectDirPath = "";
			projectRoot = "";
			targets = (
				16F088BA218AD8D400AFB29F /* memoManagerSwift */,
				16F088D1218AD8D900AFB29F /* memoManagerSwiftTests */,
			);
		};
/* End PBXProject section */

/* Begin PBXResourcesBuildPhase section */
		16F088B9218AD8D400AFB29F /* Resources */ = {
			isa = PBXResourcesBuildPhase;
			buildActionMask = 2147483647;
			files = (
				16FCFDEF21FF0A8700E653D1 /* icon02.png in Resources */,
				16FCFDFD21FF0A8F00E653D1 /* warning-icon-60@2x.png in Resources */,
				16F088CC218AD8D800AFB29F /* LaunchScreen.storyboard in Resources */,
				16C3638721FADA13006A601E /* fountainpen@2x.png in Resources */,
				16FCFDFE21FF0A8F00E653D1 /* profile-bg.png in Resources */,
				16FCFDFC21FF0A8F00E653D1 /* sidemenu.png in Resources */,
				16FCFDF221FF0A8700E653D1 /* icon05.png in Resources */,
				16C3638421FADA0E006A601E /* button-bg.png in Resources */,
				16F088C9218AD8D800AFB29F /* Assets.xcassets in Resources */,
				16C3638321FADA0E006A601E /* memo-background@2x.png in Resources */,
				16FCFDF721FF0A8700E653D1 /* icon01.png in Resources */,
				1698F5D22212809E00CEF7BB /* Tutorial.storyboard in Resources */,
				16FCFDF021FF0A8700E653D1 /* account@2x.jpg in Resources */,
				16FCFDF821FF0A8700E653D1 /* icon04.png in Resources */,
				16FCFDF621FF0A8700E653D1 /* icon06.png in Resources */,
				16FCFDF521FF0A8700E653D1 /* icon03.png in Resources */,
				16F088C4218AD8D400AFB29F /* Main.storyboard in Resources */,
			);
			runOnlyForDeploymentPostprocessing = 0;
		};
		16F088D0218AD8D900AFB29F /* Resources */ = {
			isa = PBXResourcesBuildPhase;
			buildActionMask = 2147483647;
			files = (
			);
			runOnlyForDeploymentPostprocessing = 0;
		};
/* End PBXResourcesBuildPhase section */

/* Begin PBXSourcesBuildPhase section */
		16F088B7218AD8D400AFB29F /* Sources */ = {
			isa = PBXSourcesBuildPhase;
			buildActionMask = 2147483647;
			files = (
				16C3637E21FAD8DF006A601E /* CSLogButton.swift in Sources */,
				16ABD559219AAB9F00C101F1 /* MemoFormViewController.swift in Sources */,
				1698F5D02211643000CEF7BB /* UserInfoManager.swift in Sources */,
				16ABD55F219AAC0B00C101F1 /* MemoTableViewCell.swift in Sources */,
				16F088C7218AD8D400AFB29F /* memoManagerSwift.xcdatamodeld in Sources */,
				1698F5D92212869000CEF7BB /* TutorialMasterViewController.swift in Sources */,
				16FCFE0021FF0C6900E653D1 /* SideBarTableViewController.swift in Sources */,
				16ABD562219AAC9600C101F1 /* MemoData.swift in Sources */,
				1698F5D42212839700CEF7BB /* Utils.swift in Sources */,
				1610BA7D2202932A00B42C51 /* ProfileViewController.swift in Sources */,
				16FCFDE421FF0A3E00E653D1 /* SWRevealViewController.m in Sources */,
				1698F5D72212851600CEF7BB /* TutorialContentsViewController.swift in Sources */,
				16ABD55B219AABA800C101F1 /* MemoReadViewController.swift in Sources */,
				16F088BF218AD8D400AFB29F /* AppDelegate.swift in Sources */,
				16ABD557219AAB8000C101F1 /* MemoTableViewController.swift in Sources */,
			);
			runOnlyForDeploymentPostprocessing = 0;
		};
		16F088CE218AD8D900AFB29F /* Sources */ = {
			isa = PBXSourcesBuildPhase;
			buildActionMask = 2147483647;
			files = (
				16F088D7218AD8D900AFB29F /* memoManagerSwiftTests.swift in Sources */,
			);
			runOnlyForDeploymentPostprocessing = 0;
		};
/* End PBXSourcesBuildPhase section */

/* Begin PBXTargetDependency section */
		16F088D4218AD8D900AFB29F /* PBXTargetDependency */ = {
			isa = PBXTargetDependency;
			target = 16F088BA218AD8D400AFB29F /* memoManagerSwift */;
			targetProxy = 16F088D3218AD8D900AFB29F /* PBXContainerItemProxy */;
		};
/* End PBXTargetDependency section */

/* Begin PBXVariantGroup section */
		16F088C2218AD8D400AFB29F /* Main.storyboard */ = {
			isa = PBXVariantGroup;
			children = (
				16F088C3218AD8D400AFB29F /* Base */,
			);
			name = Main.storyboard;
			sourceTree = "<group>";
		};
		16F088CA218AD8D800AFB29F /* LaunchScreen.storyboard */ = {
			isa = PBXVariantGroup;
			children = (
				16F088CB218AD8D800AFB29F /* Base */,
			);
			name = LaunchScreen.storyboard;
			sourceTree = "<group>";
		};
/* End PBXVariantGroup section */

/* Begin XCBuildConfiguration section */
		16F088D9218AD8D900AFB29F /* Debug */ = {
			isa = XCBuildConfiguration;
			buildSettings = {
				ALWAYS_SEARCH_USER_PATHS = NO;
				CLANG_ANALYZER_NONNULL = YES;
				CLANG_ANALYZER_NUMBER_OBJECT_CONVERSION = YES_AGGRESSIVE;
				CLANG_CXX_LANGUAGE_STANDARD = "gnu++14";
				CLANG_CXX_LIBRARY = "libc++";
				CLANG_ENABLE_MODULES = YES;
				CLANG_ENABLE_OBJC_ARC = YES;
				CLANG_ENABLE_OBJC_WEAK = YES;
				CLANG_WARN_BLOCK_CAPTURE_AUTORELEASING = YES;
				CLANG_WARN_BOOL_CONVERSION = YES;
				CLANG_WARN_COMMA = YES;
				CLANG_WARN_CONSTANT_CONVERSION = YES;
				CLANG_WARN_DEPRECATED_OBJC_IMPLEMENTATIONS = YES;
				CLANG_WARN_DIRECT_OBJC_ISA_USAGE = YES_ERROR;
				CLANG_WARN_DOCUMENTATION_COMMENTS = YES;
				CLANG_WARN_EMPTY_BODY = YES;
				CLANG_WARN_ENUM_CONVERSION = YES;
				CLANG_WARN_INFINITE_RECURSION = YES;
				CLANG_WARN_INT_CONVERSION = YES;
				CLANG_WARN_NON_LITERAL_NULL_CONVERSION = YES;
				CLANG_WARN_OBJC_IMPLICIT_RETAIN_SELF = YES;
				CLANG_WARN_OBJC_LITERAL_CONVERSION = YES;
				CLANG_WARN_OBJC_ROOT_CLASS = YES_ERROR;
				CLANG_WARN_RANGE_LOOP_ANALYSIS = YES;
				CLANG_WARN_STRICT_PROTOTYPES = YES;
				CLANG_WARN_SUSPICIOUS_MOVE = YES;
				CLANG_WARN_UNGUARDED_AVAILABILITY = YES_AGGRESSIVE;
				CLANG_WARN_UNREACHABLE_CODE = YES;
				CLANG_WARN__DUPLICATE_METHOD_MATCH = YES;
				CODE_SIGN_IDENTITY = "iPhone Developer";
				COPY_PHASE_STRIP = NO;
				DEBUG_INFORMATION_FORMAT = dwarf;
				ENABLE_STRICT_OBJC_MSGSEND = YES;
				ENABLE_TESTABILITY = YES;
				GCC_C_LANGUAGE_STANDARD = gnu11;
				GCC_DYNAMIC_NO_PIC = NO;
				GCC_NO_COMMON_BLOCKS = YES;
				GCC_OPTIMIZATION_LEVEL = 0;
				GCC_PREPROCESSOR_DEFINITIONS = (
					"DEBUG=1",
					"$(inherited)",
				);
				GCC_WARN_64_TO_32_BIT_CONVERSION = YES;
				GCC_WARN_ABOUT_RETURN_TYPE = YES_ERROR;
				GCC_WARN_UNDECLARED_SELECTOR = YES;
				GCC_WARN_UNINITIALIZED_AUTOS = YES_AGGRESSIVE;
				GCC_WARN_UNUSED_FUNCTION = YES;
				GCC_WARN_UNUSED_VARIABLE = YES;
				IPHONEOS_DEPLOYMENT_TARGET = 12.0;
				MTL_ENABLE_DEBUG_INFO = INCLUDE_SOURCE;
				MTL_FAST_MATH = YES;
				ONLY_ACTIVE_ARCH = YES;
				SDKROOT = iphoneos;
				SWIFT_ACTIVE_COMPILATION_CONDITIONS = DEBUG;
				SWIFT_OPTIMIZATION_LEVEL = "-Onone";
			};
			name = Debug;
		};
		16F088DA218AD8D900AFB29F /* Release */ = {
			isa = XCBuildConfiguration;
			buildSettings = {
				ALWAYS_SEARCH_USER_PATHS = NO;
				CLANG_ANALYZER_NONNULL = YES;
				CLANG_ANALYZER_NUMBER_OBJECT_CONVERSION = YES_AGGRESSIVE;
				CLANG_CXX_LANGUAGE_STANDARD = "gnu++14";
				CLANG_CXX_LIBRARY = "libc++";
				CLANG_ENABLE_MODULES = YES;
				CLANG_ENABLE_OBJC_ARC = YES;
				CLANG_ENABLE_OBJC_WEAK = YES;
				CLANG_WARN_BLOCK_CAPTURE_AUTORELEASING = YES;
				CLANG_WARN_BOOL_CONVERSION = YES;
				CLANG_WARN_COMMA = YES;
				CLANG_WARN_CONSTANT_CONVERSION = YES;
				CLANG_WARN_DEPRECATED_OBJC_IMPLEMENTATIONS = YES;
				CLANG_WARN_DIRECT_OBJC_ISA_USAGE = YES_ERROR;
				CLANG_WARN_DOCUMENTATION_COMMENTS = YES;
				CLANG_WARN_EMPTY_BODY = YES;
				CLANG_WARN_ENUM_CONVERSION = YES;
				CLANG_WARN_INFINITE_RECURSION = YES;
				CLANG_WARN_INT_CONVERSION = YES;
				CLANG_WARN_NON_LITERAL_NULL_CONVERSION = YES;
				CLANG_WARN_OBJC_IMPLICIT_RETAIN_SELF = YES;
				CLANG_WARN_OBJC_LITERAL_CONVERSION = YES;
				CLANG_WARN_OBJC_ROOT_CLASS = YES_ERROR;
				CLANG_WARN_RANGE_LOOP_ANALYSIS = YES;
				CLANG_WARN_STRICT_PROTOTYPES = YES;
				CLANG_WARN_SUSPICIOUS_MOVE = YES;
				CLANG_WARN_UNGUARDED_AVAILABILITY = YES_AGGRESSIVE;
				CLANG_WARN_UNREACHABLE_CODE = YES;
				CLANG_WARN__DUPLICATE_METHOD_MATCH = YES;
				CODE_SIGN_IDENTITY = "iPhone Developer";
				COPY_PHASE_STRIP = NO;
				DEBUG_INFORMATION_FORMAT = "dwarf-with-dsym";
				ENABLE_NS_ASSERTIONS = NO;
				ENABLE_STRICT_OBJC_MSGSEND = YES;
				GCC_C_LANGUAGE_STANDARD = gnu11;
				GCC_NO_COMMON_BLOCKS = YES;
				GCC_WARN_64_TO_32_BIT_CONVERSION = YES;
				GCC_WARN_ABOUT_RETURN_TYPE = YES_ERROR;
				GCC_WARN_UNDECLARED_SELECTOR = YES;
				GCC_WARN_UNINITIALIZED_AUTOS = YES_AGGRESSIVE;
				GCC_WARN_UNUSED_FUNCTION = YES;
				GCC_WARN_UNUSED_VARIABLE = YES;
				IPHONEOS_DEPLOYMENT_TARGET = 12.0;
				MTL_ENABLE_DEBUG_INFO = NO;
				MTL_FAST_MATH = YES;
				SDKROOT = iphoneos;
				SWIFT_COMPILATION_MODE = wholemodule;
				SWIFT_OPTIMIZATION_LEVEL = "-O";
				VALIDATE_PRODUCT = YES;
			};
			name = Release;
		};
		16F088DC218AD8D900AFB29F /* Debug */ = {
			isa = XCBuildConfiguration;
			buildSettings = {
				ASSETCATALOG_COMPILER_APPICON_NAME = AppIcon;
				CLANG_ENABLE_MODULES = YES;
				CODE_SIGN_STYLE = Automatic;
				DEVELOPMENT_TEAM = 299TQXJ7S5;
				INFOPLIST_FILE = memoManagerSwift/Info.plist;
				LD_RUNPATH_SEARCH_PATHS = (
					"$(inherited)",
					"@executable_path/Frameworks",
				);
				PRODUCT_BUNDLE_IDENTIFIER = com.gaeasoft.memoManagerSwift.memoManagerSwift;
				PRODUCT_NAME = "$(TARGET_NAME)";
				SWIFT_OBJC_BRIDGING_HEADER = "memoManagerSwift/lib/memoManagerSwift-Bridging-Header.h";
				SWIFT_OPTIMIZATION_LEVEL = "-Onone";
				SWIFT_VERSION = 4.2;
				TARGETED_DEVICE_FAMILY = "1,2";
			};
			name = Debug;
		};
		16F088DD218AD8D900AFB29F /* Release */ = {
			isa = XCBuildConfiguration;
			buildSettings = {
				ASSETCATALOG_COMPILER_APPICON_NAME = AppIcon;
				CLANG_ENABLE_MODULES = YES;
				CODE_SIGN_STYLE = Automatic;
				DEVELOPMENT_TEAM = 299TQXJ7S5;
				INFOPLIST_FILE = memoManagerSwift/Info.plist;
				LD_RUNPATH_SEARCH_PATHS = (
					"$(inherited)",
					"@executable_path/Frameworks",
				);
				PRODUCT_BUNDLE_IDENTIFIER = com.gaeasoft.memoManagerSwift.memoManagerSwift;
				PRODUCT_NAME = "$(TARGET_NAME)";
				SWIFT_OBJC_BRIDGING_HEADER = "memoManagerSwift/lib/memoManagerSwift-Bridging-Header.h";
				SWIFT_VERSION = 4.2;
				TARGETED_DEVICE_FAMILY = "1,2";
			};
			name = Release;
		};
		16F088DF218AD8D900AFB29F /* Debug */ = {
			isa = XCBuildConfiguration;
			buildSettings = {
				ALWAYS_EMBED_SWIFT_STANDARD_LIBRARIES = YES;
				BUNDLE_LOADER = "$(TEST_HOST)";
				CODE_SIGN_STYLE = Automatic;
				DEVELOPMENT_TEAM = 299TQXJ7S5;
				INFOPLIST_FILE = memoManagerSwiftTests/Info.plist;
				LD_RUNPATH_SEARCH_PATHS = (
					"$(inherited)",
					"@executable_path/Frameworks",
					"@loader_path/Frameworks",
				);
				PRODUCT_BUNDLE_IDENTIFIER = com.gaeasoft.memoManagerSwift.memoManagerSwiftTests;
				PRODUCT_NAME = "$(TARGET_NAME)";
				SWIFT_VERSION = 4.2;
				TARGETED_DEVICE_FAMILY = "1,2";
				TEST_HOST = "$(BUILT_PRODUCTS_DIR)/memoManagerSwift.app/memoManagerSwift";
			};
			name = Debug;
		};
		16F088E0218AD8D900AFB29F /* Release */ = {
			isa = XCBuildConfiguration;
			buildSettings = {
				ALWAYS_EMBED_SWIFT_STANDARD_LIBRARIES = YES;
				BUNDLE_LOADER = "$(TEST_HOST)";
				CODE_SIGN_STYLE = Automatic;
				DEVELOPMENT_TEAM = 299TQXJ7S5;
				INFOPLIST_FILE = memoManagerSwiftTests/Info.plist;
				LD_RUNPATH_SEARCH_PATHS = (
					"$(inherited)",
					"@executable_path/Frameworks",
					"@loader_path/Frameworks",
				);
				PRODUCT_BUNDLE_IDENTIFIER = com.gaeasoft.memoManagerSwift.memoManagerSwiftTests;
				PRODUCT_NAME = "$(TARGET_NAME)";
				SWIFT_VERSION = 4.2;
				TARGETED_DEVICE_FAMILY = "1,2";
				TEST_HOST = "$(BUILT_PRODUCTS_DIR)/memoManagerSwift.app/memoManagerSwift";
			};
			name = Release;
		};
/* End XCBuildConfiguration section */

/* Begin XCConfigurationList section */
		16F088B6218AD8D400AFB29F /* Build configuration list for PBXProject "memoManagerSwift" */ = {
			isa = XCConfigurationList;
			buildConfigurations = (
				16F088D9218AD8D900AFB29F /* Debug */,
				16F088DA218AD8D900AFB29F /* Release */,
			);
			defaultConfigurationIsVisible = 0;
			defaultConfigurationName = Release;
		};
		16F088DB218AD8D900AFB29F /* Build configuration list for PBXNativeTarget "memoManagerSwift" */ = {
			isa = XCConfigurationList;
			buildConfigurations = (
				16F088DC218AD8D900AFB29F /* Debug */,
				16F088DD218AD8D900AFB29F /* Release */,
			);
			defaultConfigurationIsVisible = 0;
			defaultConfigurationName = Release;
		};
		16F088DE218AD8D900AFB29F /* Build configuration list for PBXNativeTarget "memoManagerSwiftTests" */ = {
			isa = XCConfigurationList;
			buildConfigurations = (
				16F088DF218AD8D900AFB29F /* Debug */,
				16F088E0218AD8D900AFB29F /* Release */,
			);
			defaultConfigurationIsVisible = 0;
			defaultConfigurationName = Release;
		};
/* End XCConfigurationList section */

/* Begin XCVersionGroup section */
		16F088C5218AD8D400AFB29F /* memoManagerSwift.xcdatamodeld */ = {
			isa = XCVersionGroup;
			children = (
				16F088C6218AD8D400AFB29F /* memoManagerSwift.xcdatamodel */,
			);
			currentVersion = 16F088C6218AD8D400AFB29F /* memoManagerSwift.xcdatamodel */;
			path = memoManagerSwift.xcdatamodeld;
			sourceTree = "<group>";
			versionGroupType = wrapper.xcdatamodel;
		};
/* End XCVersionGroup section */
	};
	rootObject = 16F088B3218AD8D400AFB29F /* Project object */;
}
